// !$*UTF8*$!
{
	archiveVersion = 1;
	classes = {
	};
	objectVersion = 46;
	objects = {

/* Begin PBXBuildFile section */
		9F03F8D319F8E74B00D39B10 /* iAd.framework in Frameworks */ = {isa = PBXBuildFile; fileRef = 9F03F8D219F8E74B00D39B10 /* iAd.framework */; };
		9F0803801A6BAE3B00A4CB9C /* SWRevealViewController.m in Sources */ = {isa = PBXBuildFile; fileRef = 9F08037F1A6BAE3B00A4CB9C /* SWRevealViewController.m */; };
		9F0803911A6BC95B00A4CB9C /* CAAnimation+Blocks.m in Sources */ = {isa = PBXBuildFile; fileRef = 9F0803831A6BC95B00A4CB9C /* CAAnimation+Blocks.m */; };
		9F0803921A6BC95B00A4CB9C /* Evaluate.m in Sources */ = {isa = PBXBuildFile; fileRef = 9F0803851A6BC95B00A4CB9C /* Evaluate.m */; };
		9F0803931A6BC95B00A4CB9C /* UIButton+LongTapShare.m in Sources */ = {isa = PBXBuildFile; fileRef = 9F0803881A6BC95B00A4CB9C /* UIButton+LongTapShare.m */; };
		9F0803941A6BC95B00A4CB9C /* YLLongTapShareView.m in Sources */ = {isa = PBXBuildFile; fileRef = 9F08038A1A6BC95B00A4CB9C /* YLLongTapShareView.m */; };
		9F0803951A6BC95B00A4CB9C /* YLShareAnimationHelper.m in Sources */ = {isa = PBXBuildFile; fileRef = 9F08038C1A6BC95B00A4CB9C /* YLShareAnimationHelper.m */; };
		9F0803961A6BC95B00A4CB9C /* YLShareButtonView.m in Sources */ = {isa = PBXBuildFile; fileRef = 9F08038E1A6BC95B00A4CB9C /* YLShareButtonView.m */; };
		9F0803971A6BC95B00A4CB9C /* YLShareView.m in Sources */ = {isa = PBXBuildFile; fileRef = 9F0803901A6BC95B00A4CB9C /* YLShareView.m */; };
		9F0F98F61AEE485F000511CC /* PRRateGameViewController.m in Sources */ = {isa = PBXBuildFile; fileRef = 9F0F98F51AEE485F000511CC /* PRRateGameViewController.m */; };
		9F1A07001B10244B00CAEF12 /* UIImageEffects.m in Sources */ = {isa = PBXBuildFile; fileRef = 9F1A06FF1B10244B00CAEF12 /* UIImageEffects.m */; };
		9F1E4E6619E1454300E3B242 /* NSDate+NVTimeAgo.m in Sources */ = {isa = PBXBuildFile; fileRef = 9F1E4E6519E1454300E3B242 /* NSDate+NVTimeAgo.m */; };
		9F1F5081191F5C5700551499 /* PRSuggestProductViewController.m in Sources */ = {isa = PBXBuildFile; fileRef = 9F1F5080191F5C5700551499 /* PRSuggestProductViewController.m */; };
		9F1F5084191F5D6A00551499 /* PRSuggestCategoryViewController.m in Sources */ = {isa = PBXBuildFile; fileRef = 9F1F5083191F5D6A00551499 /* PRSuggestCategoryViewController.m */; };
		9F29E9C61B5F735300A0001F /* PRProductA.m in Sources */ = {isa = PBXBuildFile; fileRef = 9F29E9C51B5F735300A0001F /* PRProductA.m */; };
		9F32FC61191E98BC00520497 /* PRCategoryViewController.m in Sources */ = {isa = PBXBuildFile; fileRef = 9F32FC60191E98BC00520497 /* PRCategoryViewController.m */; };
		9F342A1D19DFFB83006C7135 /* PRcommentsCollectionViewController.m in Sources */ = {isa = PBXBuildFile; fileRef = 9F342A1C19DFFB83006C7135 /* PRcommentsCollectionViewController.m */; };
		9F342A2019DFFBA1006C7135 /* PRCommentsCollectionViewCell.m in Sources */ = {isa = PBXBuildFile; fileRef = 9F342A1F19DFFBA1006C7135 /* PRCommentsCollectionViewCell.m */; };
		9F342A2319E00197006C7135 /* PRInsertCommentViewController.m in Sources */ = {isa = PBXBuildFile; fileRef = 9F342A2219E00197006C7135 /* PRInsertCommentViewController.m */; };
		9F39BC721B10555100B8357B /* Coquette Bold.ttf in Resources */ = {isa = PBXBuildFile; fileRef = 9F39BC711B10555100B8357B /* Coquette Bold.ttf */; };
		9F39BC741B1057BA00B8357B /* futura-normal.ttf in Resources */ = {isa = PBXBuildFile; fileRef = 9F39BC731B1057BA00B8357B /* futura-normal.ttf */; };
		9F3B23A8191EA47E0057BFA5 /* PRCategoryTitles.m in Sources */ = {isa = PBXBuildFile; fileRef = 9F3B23A7191EA47E0057BFA5 /* PRCategoryTitles.m */; };
		9F40F7501A739F250066E92F /* PRNearbyViewController.m in Sources */ = {isa = PBXBuildFile; fileRef = 9F40F74F1A739F250066E92F /* PRNearbyViewController.m */; };
		9F40F7521A73A5330066E92F /* AVFoundation.framework in Frameworks */ = {isa = PBXBuildFile; fileRef = 9F40F7511A73A5330066E92F /* AVFoundation.framework */; };
		9F40F7541A73A5500066E92F /* CoreData.framework in Frameworks */ = {isa = PBXBuildFile; fileRef = 9F40F7531A73A5500066E92F /* CoreData.framework */; };
		9F40F7561A73A5750066E92F /* CoreText.framework in Frameworks */ = {isa = PBXBuildFile; fileRef = 9F40F7551A73A5750066E92F /* CoreText.framework */; };
		9F40F7581A73A5950066E92F /* GLKit.framework in Frameworks */ = {isa = PBXBuildFile; fileRef = 9F40F7571A73A5950066E92F /* GLKit.framework */; };
		9F40F75A1A73A59E0066E92F /* ImageIO.framework in Frameworks */ = {isa = PBXBuildFile; fileRef = 9F40F7591A73A59E0066E92F /* ImageIO.framework */; };
		9F40F75C1A73A5B90066E92F /* libc++.dylib in Frameworks */ = {isa = PBXBuildFile; fileRef = 9F40F75B1A73A5B90066E92F /* libc++.dylib */; };
		9F40F75E1A73A5C40066E92F /* libicucore.dylib in Frameworks */ = {isa = PBXBuildFile; fileRef = 9F40F75D1A73A5C40066E92F /* libicucore.dylib */; };
		9F40F7601A73A5CE0066E92F /* libz.dylib in Frameworks */ = {isa = PBXBuildFile; fileRef = 9F40F75F1A73A5CE0066E92F /* libz.dylib */; };
		9F40F7621A73A5DA0066E92F /* OpenGLES.framework in Frameworks */ = {isa = PBXBuildFile; fileRef = 9F40F7611A73A5DA0066E92F /* OpenGLES.framework */; };
		9F411CAC1AC293290055B172 /* PRShowOriginalPictureViewController.m in Sources */ = {isa = PBXBuildFile; fileRef = 9F411CAB1AC293290055B172 /* PRShowOriginalPictureViewController.m */; };
		9F447E1E19EEFAB3007BD7FB /* PRPurchaseWebViewController.m in Sources */ = {isa = PBXBuildFile; fileRef = 9F447E1D19EEFAB3007BD7FB /* PRPurchaseWebViewController.m */; };
		9F58550D191E876000E2E6D1 /* PRFeedPost.m in Sources */ = {isa = PBXBuildFile; fileRef = 9F58550C191E876000E2E6D1 /* PRFeedPost.m */; };
		9F648F091A092AAA00D15BD2 /* PRShowAllReviewsViewController.m in Sources */ = {isa = PBXBuildFile; fileRef = 9F648F081A092AAA00D15BD2 /* PRShowAllReviewsViewController.m */; };
		9F648F0C1A092BF300D15BD2 /* PRShowReviewViewCell.m in Sources */ = {isa = PBXBuildFile; fileRef = 9F648F0B1A092BF300D15BD2 /* PRShowReviewViewCell.m */; };
		9F65BCA81B5CDBD1001C0FF3 /* MSCellAccessory.m in Sources */ = {isa = PBXBuildFile; fileRef = 9F65BCA71B5CDBD1001C0FF3 /* MSCellAccessory.m */; };
		9F65BCAB1B5CDCF3001C0FF3 /* UIView+AccessViewController.m in Sources */ = {isa = PBXBuildFile; fileRef = 9F65BCAA1B5CDCF3001C0FF3 /* UIView+AccessViewController.m */; };
		9F6F189819443BDA0071360E /* PRProfileViewController.m in Sources */ = {isa = PBXBuildFile; fileRef = 9F6F189719443BDA0071360E /* PRProfileViewController.m */; };
		9F7B02D81A22244400FCA8E4 /* TPKeyboardAvoidingScrollView.m in Sources */ = {isa = PBXBuildFile; fileRef = 9F7B02D71A22244400FCA8E4 /* TPKeyboardAvoidingScrollView.m */; };
		9F7EEAE91AC14BC800663CDE /* AFHTTPRequestOperation.m in Sources */ = {isa = PBXBuildFile; fileRef = 9F7EEAD71AC14BC800663CDE /* AFHTTPRequestOperation.m */; };
		9F7EEAEA1AC14BC800663CDE /* AFHTTPRequestOperationManager.m in Sources */ = {isa = PBXBuildFile; fileRef = 9F7EEAD91AC14BC800663CDE /* AFHTTPRequestOperationManager.m */; };
		9F7EEAEB1AC14BC800663CDE /* AFHTTPSessionManager.m in Sources */ = {isa = PBXBuildFile; fileRef = 9F7EEADB1AC14BC800663CDE /* AFHTTPSessionManager.m */; };
		9F7EEAEC1AC14BC800663CDE /* AFNetworkReachabilityManager.m in Sources */ = {isa = PBXBuildFile; fileRef = 9F7EEADE1AC14BC800663CDE /* AFNetworkReachabilityManager.m */; };
		9F7EEAED1AC14BC800663CDE /* AFSecurityPolicy.m in Sources */ = {isa = PBXBuildFile; fileRef = 9F7EEAE01AC14BC800663CDE /* AFSecurityPolicy.m */; };
		9F7EEAEE1AC14BC800663CDE /* AFURLConnectionOperation.m in Sources */ = {isa = PBXBuildFile; fileRef = 9F7EEAE21AC14BC800663CDE /* AFURLConnectionOperation.m */; };
		9F7EEAEF1AC14BC800663CDE /* AFURLRequestSerialization.m in Sources */ = {isa = PBXBuildFile; fileRef = 9F7EEAE41AC14BC800663CDE /* AFURLRequestSerialization.m */; };
		9F7EEAF01AC14BC800663CDE /* AFURLResponseSerialization.m in Sources */ = {isa = PBXBuildFile; fileRef = 9F7EEAE61AC14BC800663CDE /* AFURLResponseSerialization.m */; };
		9F7EEAF11AC14BC800663CDE /* AFURLSessionManager.m in Sources */ = {isa = PBXBuildFile; fileRef = 9F7EEAE81AC14BC800663CDE /* AFURLSessionManager.m */; };
		9F7EEAF51AC17F9800663CDE /* PRTimepassViewController.m in Sources */ = {isa = PBXBuildFile; fileRef = 9F7EEAF41AC17F9800663CDE /* PRTimepassViewController.m */; };
		9F812116194175D600249BAC /* PRCollectionCell.m in Sources */ = {isa = PBXBuildFile; fileRef = 9F812115194175D600249BAC /* PRCollectionCell.m */; };
		9F8C4D161B6B544C00B06C63 /* PRSearchViewController.m in Sources */ = {isa = PBXBuildFile; fileRef = 9F8C4D151B6B544C00B06C63 /* PRSearchViewController.m */; };
		9F8F67BE1A1FB31200F3E000 /* PRSelectedCategory.m in Sources */ = {isa = PBXBuildFile; fileRef = 9F8F67BD1A1FB31200F3E000 /* PRSelectedCategory.m */; };
		9F90E1441A24F2DB009EE5AB /* SAMCache.m in Sources */ = {isa = PBXBuildFile; fileRef = 9F90E1431A24F2DB009EE5AB /* SAMCache.m */; };
		9F93BE84191EFE2300D9711D /* PRModalDetailFeedViewController.m in Sources */ = {isa = PBXBuildFile; fileRef = 9F93BE83191EFE2300D9711D /* PRModalDetailFeedViewController.m */; };
		9FA28A541A33609F005D509C /* PRUserLocation.m in Sources */ = {isa = PBXBuildFile; fileRef = 9FA28A531A33609F005D509C /* PRUserLocation.m */; };
		9FA28A571A3367A2005D509C /* StartApp.bundle in Resources */ = {isa = PBXBuildFile; fileRef = 9FA28A551A3367A2005D509C /* StartApp.bundle */; };
		9FA28A581A3367A2005D509C /* StartApp.framework in Frameworks */ = {isa = PBXBuildFile; fileRef = 9FA28A561A3367A2005D509C /* StartApp.framework */; };
		9FA28A5A1A3367DF005D509C /* CoreTelephony.framework in Frameworks */ = {isa = PBXBuildFile; fileRef = 9FA28A591A3367DF005D509C /* CoreTelephony.framework */; };
		9FA28A5C1A3367FF005D509C /* AdSupport.framework in Frameworks */ = {isa = PBXBuildFile; fileRef = 9FA28A5B1A3367FF005D509C /* AdSupport.framework */; };
		9FAC4FEB1A7533CC0023C66A /* Social.framework in Frameworks */ = {isa = PBXBuildFile; fileRef = 9FAC4FEA1A7533CC0023C66A /* Social.framework */; };
		9FAC4FED1A7533D40023C66A /* Accounts.framework in Frameworks */ = {isa = PBXBuildFile; fileRef = 9FAC4FEC1A7533D40023C66A /* Accounts.framework */; };
		9FAD219519430B720055FA9D /* navBarBackground.png in Resources */ = {isa = PBXBuildFile; fileRef = 9FAD219419430B720055FA9D /* navBarBackground.png */; };
		9FB1F317191E206200776A16 /* Foundation.framework in Frameworks */ = {isa = PBXBuildFile; fileRef = 9FB1F316191E206200776A16 /* Foundation.framework */; };
		9FB1F319191E206200776A16 /* CoreGraphics.framework in Frameworks */ = {isa = PBXBuildFile; fileRef = 9FB1F318191E206200776A16 /* CoreGraphics.framework */; };
		9FB1F31B191E206200776A16 /* UIKit.framework in Frameworks */ = {isa = PBXBuildFile; fileRef = 9FB1F31A191E206200776A16 /* UIKit.framework */; };
		9FB1F321191E206200776A16 /* InfoPlist.strings in Resources */ = {isa = PBXBuildFile; fileRef = 9FB1F31F191E206200776A16 /* InfoPlist.strings */; };
		9FB1F323191E206200776A16 /* main.m in Sources */ = {isa = PBXBuildFile; fileRef = 9FB1F322191E206200776A16 /* main.m */; };
		9FB1F327191E206200776A16 /* PRAppDelegate.m in Sources */ = {isa = PBXBuildFile; fileRef = 9FB1F326191E206200776A16 /* PRAppDelegate.m */; };
		9FB1F329191E206200776A16 /* Images.xcassets in Resources */ = {isa = PBXBuildFile; fileRef = 9FB1F328191E206200776A16 /* Images.xcassets */; };
		9FB1F330191E206200776A16 /* XCTest.framework in Frameworks */ = {isa = PBXBuildFile; fileRef = 9FB1F32F191E206200776A16 /* XCTest.framework */; };
		9FB1F331191E206200776A16 /* Foundation.framework in Frameworks */ = {isa = PBXBuildFile; fileRef = 9FB1F316191E206200776A16 /* Foundation.framework */; };
		9FB1F332191E206200776A16 /* UIKit.framework in Frameworks */ = {isa = PBXBuildFile; fileRef = 9FB1F31A191E206200776A16 /* UIKit.framework */; };
		9FB1F33A191E206200776A16 /* InfoPlist.strings in Resources */ = {isa = PBXBuildFile; fileRef = 9FB1F338191E206200776A16 /* InfoPlist.strings */; };
		9FB1F33C191E206200776A16 /* PreviewTests.m in Sources */ = {isa = PBXBuildFile; fileRef = 9FB1F33B191E206200776A16 /* PreviewTests.m */; };
		9FB1F346191E219400776A16 /* Parse.framework in Frameworks */ = {isa = PBXBuildFile; fileRef = 9FB1F345191E219400776A16 /* Parse.framework */; };
		9FB1F350191E221C00776A16 /* AudioToolbox.framework in Frameworks */ = {isa = PBXBuildFile; fileRef = 9FB1F347191E221C00776A16 /* AudioToolbox.framework */; };
		9FB1F351191E221C00776A16 /* CFNetwork.framework in Frameworks */ = {isa = PBXBuildFile; fileRef = 9FB1F348191E221C00776A16 /* CFNetwork.framework */; };
		9FB1F352191E221C00776A16 /* CoreLocation.framework in Frameworks */ = {isa = PBXBuildFile; fileRef = 9FB1F349191E221C00776A16 /* CoreLocation.framework */; };
		9FB1F353191E221C00776A16 /* libz.1.1.3.dylib in Frameworks */ = {isa = PBXBuildFile; fileRef = 9FB1F34A191E221C00776A16 /* libz.1.1.3.dylib */; };
		9FB1F354191E221C00776A16 /* MobileCoreServices.framework in Frameworks */ = {isa = PBXBuildFile; fileRef = 9FB1F34B191E221C00776A16 /* MobileCoreServices.framework */; };
		9FB1F355191E221C00776A16 /* QuartzCore.framework in Frameworks */ = {isa = PBXBuildFile; fileRef = 9FB1F34C191E221C00776A16 /* QuartzCore.framework */; };
		9FB1F356191E221C00776A16 /* Security.framework in Frameworks */ = {isa = PBXBuildFile; fileRef = 9FB1F34D191E221C00776A16 /* Security.framework */; };
		9FB1F357191E221C00776A16 /* StoreKit.framework in Frameworks */ = {isa = PBXBuildFile; fileRef = 9FB1F34E191E221C00776A16 /* StoreKit.framework */; };
		9FB1F358191E221C00776A16 /* SystemConfiguration.framework in Frameworks */ = {isa = PBXBuildFile; fileRef = 9FB1F34F191E221C00776A16 /* SystemConfiguration.framework */; };
		9FB1F35A191E22F700776A16 /* MainStoryboard.storyboard in Resources */ = {isa = PBXBuildFile; fileRef = 9FB1F359191E22F700776A16 /* MainStoryboard.storyboard */; };
		9FB1F35D191E277B00776A16 /* PRHomeFeedViewController.m in Sources */ = {isa = PBXBuildFile; fileRef = 9FB1F35C191E277B00776A16 /* PRHomeFeedViewController.m */; };
		9FB1F360191E2EDA00776A16 /* PRLoginViewController.m in Sources */ = {isa = PBXBuildFile; fileRef = 9FB1F35F191E2EDA00776A16 /* PRLoginViewController.m */; };
		9FB1F366191E38A400776A16 /* PRSignUPViewController.m in Sources */ = {isa = PBXBuildFile; fileRef = 9FB1F365191E38A400776A16 /* PRSignUPViewController.m */; };
		9FB33AFA1AC7D8E80050B45B /* PRRelatedViewController.m in Sources */ = {isa = PBXBuildFile; fileRef = 9FB33AF91AC7D8E80050B45B /* PRRelatedViewController.m */; };
		9FB60DE71B6CB04700B67347 /* PRSearchCell.m in Sources */ = {isa = PBXBuildFile; fileRef = 9FB60DE61B6CB04700B67347 /* PRSearchCell.m */; };
		9FB60DEA1B6CCE5300B67347 /* PRDetailSearchResultViewController.m in Sources */ = {isa = PBXBuildFile; fileRef = 9FB60DE91B6CCE5300B67347 /* PRDetailSearchResultViewController.m */; };
		9FBAAEFA194066FA006F39B3 /* FacebookSDK.framework in Frameworks */ = {isa = PBXBuildFile; fileRef = 9FBAAEF9194066FA006F39B3 /* FacebookSDK.framework */; };
		9FBB579519DD63A900F62CE8 /* PRFriendsCollectionViewController.m in Sources */ = {isa = PBXBuildFile; fileRef = 9FBB579419DD63A900F62CE8 /* PRFriendsCollectionViewController.m */; };
		9FBB579819DD641100F62CE8 /* PRFriendsCollectionViewCell.m in Sources */ = {isa = PBXBuildFile; fileRef = 9FBB579719DD641100F62CE8 /* PRFriendsCollectionViewCell.m */; };
		9FBCC987191EBBE700B2D3FB /* PRSelectedCategoryTitles.m in Sources */ = {isa = PBXBuildFile; fileRef = 9FBCC986191EBBE700B2D3FB /* PRSelectedCategoryTitles.m */; };
		9FC1A57A19F56922006FBD0F /* PRForgotPasswordViewController.m in Sources */ = {isa = PBXBuildFile; fileRef = 9FC1A57919F56922006FBD0F /* PRForgotPasswordViewController.m */; };
		9FC96E631B5FD08200BA869B /* PRProductB.m in Sources */ = {isa = PBXBuildFile; fileRef = 9FC96E621B5FD08200BA869B /* PRProductB.m */; };
		9FCA652A1940BF1F009CA8D3 /* PRRelatedPicturesViewController.m in Sources */ = {isa = PBXBuildFile; fileRef = 9FCA65291940BF1F009CA8D3 /* PRRelatedPicturesViewController.m */; };
		9FCCC5DA19E538AA00D7FC39 /* PRShowJustReviewsViewController.m in Sources */ = {isa = PBXBuildFile; fileRef = 9FCCC5D919E538AA00D7FC39 /* PRShowJustReviewsViewController.m */; };
		9FD45EF51B0F3FFF00A36F8F /* PRColorWheel.m in Sources */ = {isa = PBXBuildFile; fileRef = 9FD45EF41B0F3FFF00A36F8F /* PRColorWheel.m */; };
		9FDEEDFF19F808B40002210E /* PRLeaderBoardViewController.m in Sources */ = {isa = PBXBuildFile; fileRef = 9FDEEDFE19F808B40002210E /* PRLeaderBoardViewController.m */; };
		9FDEEE0219F80A060002210E /* PRLeaderboardViewCell.m in Sources */ = {isa = PBXBuildFile; fileRef = 9FDEEE0119F80A060002210E /* PRLeaderboardViewCell.m */; };
		9FE227DC1AC132C600C6DE11 /* PRDetailPictureViewController.m in Sources */ = {isa = PBXBuildFile; fileRef = 9FE227DB1AC132C600C6DE11 /* PRDetailPictureViewController.m */; };
		9FE6778B1B0FAB2E00FBF83C /* CoreVideo.framework in Frameworks */ = {isa = PBXBuildFile; fileRef = 9FE6778A1B0FAB2E00FBF83C /* CoreVideo.framework */; };
		9FE6778D1B0FAB3D00FBF83C /* CoreMedia.framework in Frameworks */ = {isa = PBXBuildFile; fileRef = 9FE6778C1B0FAB3D00FBF83C /* CoreMedia.framework */; };
		9FEE1D61194C8D0B005F7A46 /* PREditProfileViewController.m in Sources */ = {isa = PBXBuildFile; fileRef = 9FEE1D60194C8D0B005F7A46 /* PREditProfileViewController.m */; };
		9FF126B5191ECF6600759248 /* PRSelectedCategoryViewController.m in Sources */ = {isa = PBXBuildFile; fileRef = 9FF126B4191ECF6600759248 /* PRSelectedCategoryViewController.m */; };
		9FF92F5E1A9E59040089A3C8 /* MapKit.framework in Frameworks */ = {isa = PBXBuildFile; fileRef = 9FF92F5D1A9E59040089A3C8 /* MapKit.framework */; };
		9FFDD6601B5E051C0097ED0A /* PRSettingsViewController.m in Sources */ = {isa = PBXBuildFile; fileRef = 9FFDD65F1B5E051C0097ED0A /* PRSettingsViewController.m */; };
		9FFDD6631B5E135E0097ED0A /* PRDetailSettingViewController.m in Sources */ = {isa = PBXBuildFile; fileRef = 9FFDD6621B5E135E0097ED0A /* PRDetailSettingViewController.m */; };
/* End PBXBuildFile section */

/* Begin PBXContainerItemProxy section */
		9FB1F333191E206200776A16 /* PBXContainerItemProxy */ = {
			isa = PBXContainerItemProxy;
			containerPortal = 9FB1F30B191E206200776A16 /* Project object */;
			proxyType = 1;
			remoteGlobalIDString = 9FB1F312191E206200776A16;
			remoteInfo = Preview;
		};
/* End PBXContainerItemProxy section */

/* Begin PBXFileReference section */
		9F03F8D219F8E74B00D39B10 /* iAd.framework */ = {isa = PBXFileReference; lastKnownFileType = wrapper.framework; name = iAd.framework; path = System/Library/Frameworks/iAd.framework; sourceTree = SDKROOT; };
		9F08037E1A6BAE3B00A4CB9C /* SWRevealViewController.h */ = {isa = PBXFileReference; fileEncoding = 4; lastKnownFileType = sourcecode.c.h; path = SWRevealViewController.h; sourceTree = "<group>"; };
		9F08037F1A6BAE3B00A4CB9C /* SWRevealViewController.m */ = {isa = PBXFileReference; fileEncoding = 4; lastKnownFileType = sourcecode.c.objc; path = SWRevealViewController.m; sourceTree = "<group>"; };
		9F0803821A6BC95B00A4CB9C /* CAAnimation+Blocks.h */ = {isa = PBXFileReference; fileEncoding = 4; lastKnownFileType = sourcecode.c.h; path = "CAAnimation+Blocks.h"; sourceTree = "<group>"; };
		9F0803831A6BC95B00A4CB9C /* CAAnimation+Blocks.m */ = {isa = PBXFileReference; fileEncoding = 4; lastKnownFileType = sourcecode.c.objc; path = "CAAnimation+Blocks.m"; sourceTree = "<group>"; };
		9F0803841A6BC95B00A4CB9C /* Evaluate.h */ = {isa = PBXFileReference; fileEncoding = 4; lastKnownFileType = sourcecode.c.h; path = Evaluate.h; sourceTree = "<group>"; };
		9F0803851A6BC95B00A4CB9C /* Evaluate.m */ = {isa = PBXFileReference; fileEncoding = 4; lastKnownFileType = sourcecode.c.objc; path = Evaluate.m; sourceTree = "<group>"; };
		9F0803861A6BC95B00A4CB9C /* OMVector.h */ = {isa = PBXFileReference; fileEncoding = 4; lastKnownFileType = sourcecode.c.h; path = OMVector.h; sourceTree = "<group>"; };
		9F0803871A6BC95B00A4CB9C /* UIButton+LongTapShare.h */ = {isa = PBXFileReference; fileEncoding = 4; lastKnownFileType = sourcecode.c.h; path = "UIButton+LongTapShare.h"; sourceTree = "<group>"; };
		9F0803881A6BC95B00A4CB9C /* UIButton+LongTapShare.m */ = {isa = PBXFileReference; fileEncoding = 4; lastKnownFileType = sourcecode.c.objc; path = "UIButton+LongTapShare.m"; sourceTree = "<group>"; };
		9F0803891A6BC95B00A4CB9C /* YLLongTapShareView.h */ = {isa = PBXFileReference; fileEncoding = 4; lastKnownFileType = sourcecode.c.h; path = YLLongTapShareView.h; sourceTree = "<group>"; };
		9F08038A1A6BC95B00A4CB9C /* YLLongTapShareView.m */ = {isa = PBXFileReference; fileEncoding = 4; lastKnownFileType = sourcecode.c.objc; path = YLLongTapShareView.m; sourceTree = "<group>"; };
		9F08038B1A6BC95B00A4CB9C /* YLShareAnimationHelper.h */ = {isa = PBXFileReference; fileEncoding = 4; lastKnownFileType = sourcecode.c.h; path = YLShareAnimationHelper.h; sourceTree = "<group>"; };
		9F08038C1A6BC95B00A4CB9C /* YLShareAnimationHelper.m */ = {isa = PBXFileReference; fileEncoding = 4; lastKnownFileType = sourcecode.c.objc; path = YLShareAnimationHelper.m; sourceTree = "<group>"; };
		9F08038D1A6BC95B00A4CB9C /* YLShareButtonView.h */ = {isa = PBXFileReference; fileEncoding = 4; lastKnownFileType = sourcecode.c.h; path = YLShareButtonView.h; sourceTree = "<group>"; };
		9F08038E1A6BC95B00A4CB9C /* YLShareButtonView.m */ = {isa = PBXFileReference; fileEncoding = 4; lastKnownFileType = sourcecode.c.objc; path = YLShareButtonView.m; sourceTree = "<group>"; };
		9F08038F1A6BC95B00A4CB9C /* YLShareView.h */ = {isa = PBXFileReference; fileEncoding = 4; lastKnownFileType = sourcecode.c.h; path = YLShareView.h; sourceTree = "<group>"; };
		9F0803901A6BC95B00A4CB9C /* YLShareView.m */ = {isa = PBXFileReference; fileEncoding = 4; lastKnownFileType = sourcecode.c.objc; path = YLShareView.m; sourceTree = "<group>"; };
		9F0F98F41AEE485F000511CC /* PRRateGameViewController.h */ = {isa = PBXFileReference; fileEncoding = 4; lastKnownFileType = sourcecode.c.h; path = PRRateGameViewController.h; sourceTree = "<group>"; };
		9F0F98F51AEE485F000511CC /* PRRateGameViewController.m */ = {isa = PBXFileReference; fileEncoding = 4; lastKnownFileType = sourcecode.c.objc; path = PRRateGameViewController.m; sourceTree = "<group>"; };
		9F1A06FE1B10244B00CAEF12 /* UIImageEffects.h */ = {isa = PBXFileReference; fileEncoding = 4; lastKnownFileType = sourcecode.c.h; path = UIImageEffects.h; sourceTree = "<group>"; };
		9F1A06FF1B10244B00CAEF12 /* UIImageEffects.m */ = {isa = PBXFileReference; fileEncoding = 4; lastKnownFileType = sourcecode.c.objc; path = UIImageEffects.m; sourceTree = "<group>"; };
		9F1E4E6419E1454300E3B242 /* NSDate+NVTimeAgo.h */ = {isa = PBXFileReference; fileEncoding = 4; lastKnownFileType = sourcecode.c.h; path = "NSDate+NVTimeAgo.h"; sourceTree = "<group>"; };
		9F1E4E6519E1454300E3B242 /* NSDate+NVTimeAgo.m */ = {isa = PBXFileReference; fileEncoding = 4; lastKnownFileType = sourcecode.c.objc; path = "NSDate+NVTimeAgo.m"; sourceTree = "<group>"; };
		9F1F507F191F5C5700551499 /* PRSuggestProductViewController.h */ = {isa = PBXFileReference; fileEncoding = 4; lastKnownFileType = sourcecode.c.h; path = PRSuggestProductViewController.h; sourceTree = "<group>"; };
		9F1F5080191F5C5700551499 /* PRSuggestProductViewController.m */ = {isa = PBXFileReference; fileEncoding = 4; lastKnownFileType = sourcecode.c.objc; path = PRSuggestProductViewController.m; sourceTree = "<group>"; };
		9F1F5082191F5D6A00551499 /* PRSuggestCategoryViewController.h */ = {isa = PBXFileReference; fileEncoding = 4; lastKnownFileType = sourcecode.c.h; path = PRSuggestCategoryViewController.h; sourceTree = "<group>"; };
		9F1F5083191F5D6A00551499 /* PRSuggestCategoryViewController.m */ = {isa = PBXFileReference; fileEncoding = 4; lastKnownFileType = sourcecode.c.objc; path = PRSuggestCategoryViewController.m; sourceTree = "<group>"; };
		9F29E9C41B5F735300A0001F /* PRProductA.h */ = {isa = PBXFileReference; fileEncoding = 4; lastKnownFileType = sourcecode.c.h; path = PRProductA.h; sourceTree = "<group>"; };
		9F29E9C51B5F735300A0001F /* PRProductA.m */ = {isa = PBXFileReference; fileEncoding = 4; lastKnownFileType = sourcecode.c.objc; path = PRProductA.m; sourceTree = "<group>"; };
		9F32FC5F191E98BC00520497 /* PRCategoryViewController.h */ = {isa = PBXFileReference; fileEncoding = 4; lastKnownFileType = sourcecode.c.h; path = PRCategoryViewController.h; sourceTree = "<group>"; };
		9F32FC60191E98BC00520497 /* PRCategoryViewController.m */ = {isa = PBXFileReference; fileEncoding = 4; lastKnownFileType = sourcecode.c.objc; path = PRCategoryViewController.m; sourceTree = "<group>"; };
		9F342A1B19DFFB83006C7135 /* PRcommentsCollectionViewController.h */ = {isa = PBXFileReference; fileEncoding = 4; lastKnownFileType = sourcecode.c.h; path = PRcommentsCollectionViewController.h; sourceTree = "<group>"; };
		9F342A1C19DFFB83006C7135 /* PRcommentsCollectionViewController.m */ = {isa = PBXFileReference; fileEncoding = 4; lastKnownFileType = sourcecode.c.objc; path = PRcommentsCollectionViewController.m; sourceTree = "<group>"; };
		9F342A1E19DFFBA1006C7135 /* PRCommentsCollectionViewCell.h */ = {isa = PBXFileReference; fileEncoding = 4; lastKnownFileType = sourcecode.c.h; path = PRCommentsCollectionViewCell.h; sourceTree = "<group>"; };
		9F342A1F19DFFBA1006C7135 /* PRCommentsCollectionViewCell.m */ = {isa = PBXFileReference; fileEncoding = 4; lastKnownFileType = sourcecode.c.objc; path = PRCommentsCollectionViewCell.m; sourceTree = "<group>"; };
		9F342A2119E00197006C7135 /* PRInsertCommentViewController.h */ = {isa = PBXFileReference; fileEncoding = 4; lastKnownFileType = sourcecode.c.h; path = PRInsertCommentViewController.h; sourceTree = "<group>"; };
		9F342A2219E00197006C7135 /* PRInsertCommentViewController.m */ = {isa = PBXFileReference; fileEncoding = 4; lastKnownFileType = sourcecode.c.objc; path = PRInsertCommentViewController.m; sourceTree = "<group>"; };
		9F39BC711B10555100B8357B /* Coquette Bold.ttf */ = {isa = PBXFileReference; lastKnownFileType = file; path = "Coquette Bold.ttf"; sourceTree = "<group>"; };
		9F39BC731B1057BA00B8357B /* futura-normal.ttf */ = {isa = PBXFileReference; lastKnownFileType = file; path = "futura-normal.ttf"; sourceTree = "<group>"; };
		9F3B23A6191EA47E0057BFA5 /* PRCategoryTitles.h */ = {isa = PBXFileReference; fileEncoding = 4; lastKnownFileType = sourcecode.c.h; path = PRCategoryTitles.h; sourceTree = "<group>"; };
		9F3B23A7191EA47E0057BFA5 /* PRCategoryTitles.m */ = {isa = PBXFileReference; fileEncoding = 4; lastKnownFileType = sourcecode.c.objc; path = PRCategoryTitles.m; sourceTree = "<group>"; };
		9F40F74E1A739F250066E92F /* PRNearbyViewController.h */ = {isa = PBXFileReference; fileEncoding = 4; lastKnownFileType = sourcecode.c.h; path = PRNearbyViewController.h; sourceTree = "<group>"; };
		9F40F74F1A739F250066E92F /* PRNearbyViewController.m */ = {isa = PBXFileReference; fileEncoding = 4; lastKnownFileType = sourcecode.c.objc; path = PRNearbyViewController.m; sourceTree = "<group>"; };
		9F40F7511A73A5330066E92F /* AVFoundation.framework */ = {isa = PBXFileReference; lastKnownFileType = wrapper.framework; name = AVFoundation.framework; path = System/Library/Frameworks/AVFoundation.framework; sourceTree = SDKROOT; };
		9F40F7531A73A5500066E92F /* CoreData.framework */ = {isa = PBXFileReference; lastKnownFileType = wrapper.framework; name = CoreData.framework; path = System/Library/Frameworks/CoreData.framework; sourceTree = SDKROOT; };
		9F40F7551A73A5750066E92F /* CoreText.framework */ = {isa = PBXFileReference; lastKnownFileType = wrapper.framework; name = CoreText.framework; path = System/Library/Frameworks/CoreText.framework; sourceTree = SDKROOT; };
		9F40F7571A73A5950066E92F /* GLKit.framework */ = {isa = PBXFileReference; lastKnownFileType = wrapper.framework; name = GLKit.framework; path = System/Library/Frameworks/GLKit.framework; sourceTree = SDKROOT; };
		9F40F7591A73A59E0066E92F /* ImageIO.framework */ = {isa = PBXFileReference; lastKnownFileType = wrapper.framework; name = ImageIO.framework; path = System/Library/Frameworks/ImageIO.framework; sourceTree = SDKROOT; };
		9F40F75B1A73A5B90066E92F /* libc++.dylib */ = {isa = PBXFileReference; lastKnownFileType = "compiled.mach-o.dylib"; name = "libc++.dylib"; path = "usr/lib/libc++.dylib"; sourceTree = SDKROOT; };
		9F40F75D1A73A5C40066E92F /* libicucore.dylib */ = {isa = PBXFileReference; lastKnownFileType = "compiled.mach-o.dylib"; name = libicucore.dylib; path = usr/lib/libicucore.dylib; sourceTree = SDKROOT; };
		9F40F75F1A73A5CE0066E92F /* libz.dylib */ = {isa = PBXFileReference; lastKnownFileType = "compiled.mach-o.dylib"; name = libz.dylib; path = usr/lib/libz.dylib; sourceTree = SDKROOT; };
		9F40F7611A73A5DA0066E92F /* OpenGLES.framework */ = {isa = PBXFileReference; lastKnownFileType = wrapper.framework; name = OpenGLES.framework; path = System/Library/Frameworks/OpenGLES.framework; sourceTree = SDKROOT; };
		9F411CAA1AC293290055B172 /* PRShowOriginalPictureViewController.h */ = {isa = PBXFileReference; fileEncoding = 4; lastKnownFileType = sourcecode.c.h; path = PRShowOriginalPictureViewController.h; sourceTree = "<group>"; };
		9F411CAB1AC293290055B172 /* PRShowOriginalPictureViewController.m */ = {isa = PBXFileReference; fileEncoding = 4; lastKnownFileType = sourcecode.c.objc; path = PRShowOriginalPictureViewController.m; sourceTree = "<group>"; };
		9F447E1C19EEFAB3007BD7FB /* PRPurchaseWebViewController.h */ = {isa = PBXFileReference; fileEncoding = 4; lastKnownFileType = sourcecode.c.h; path = PRPurchaseWebViewController.h; sourceTree = "<group>"; };
		9F447E1D19EEFAB3007BD7FB /* PRPurchaseWebViewController.m */ = {isa = PBXFileReference; fileEncoding = 4; lastKnownFileType = sourcecode.c.objc; path = PRPurchaseWebViewController.m; sourceTree = "<group>"; };
		9F58550B191E876000E2E6D1 /* PRFeedPost.h */ = {isa = PBXFileReference; fileEncoding = 4; lastKnownFileType = sourcecode.c.h; path = PRFeedPost.h; sourceTree = "<group>"; };
		9F58550C191E876000E2E6D1 /* PRFeedPost.m */ = {isa = PBXFileReference; fileEncoding = 4; lastKnownFileType = sourcecode.c.objc; path = PRFeedPost.m; sourceTree = "<group>"; };
		9F648F071A092AAA00D15BD2 /* PRShowAllReviewsViewController.h */ = {isa = PBXFileReference; fileEncoding = 4; lastKnownFileType = sourcecode.c.h; path = PRShowAllReviewsViewController.h; sourceTree = "<group>"; };
		9F648F081A092AAA00D15BD2 /* PRShowAllReviewsViewController.m */ = {isa = PBXFileReference; fileEncoding = 4; lastKnownFileType = sourcecode.c.objc; path = PRShowAllReviewsViewController.m; sourceTree = "<group>"; };
		9F648F0A1A092BF300D15BD2 /* PRShowReviewViewCell.h */ = {isa = PBXFileReference; fileEncoding = 4; lastKnownFileType = sourcecode.c.h; path = PRShowReviewViewCell.h; sourceTree = "<group>"; };
		9F648F0B1A092BF300D15BD2 /* PRShowReviewViewCell.m */ = {isa = PBXFileReference; fileEncoding = 4; lastKnownFileType = sourcecode.c.objc; path = PRShowReviewViewCell.m; sourceTree = "<group>"; };
		9F65BCA61B5CDBD1001C0FF3 /* MSCellAccessory.h */ = {isa = PBXFileReference; fileEncoding = 4; lastKnownFileType = sourcecode.c.h; path = MSCellAccessory.h; sourceTree = "<group>"; };
		9F65BCA71B5CDBD1001C0FF3 /* MSCellAccessory.m */ = {isa = PBXFileReference; fileEncoding = 4; lastKnownFileType = sourcecode.c.objc; path = MSCellAccessory.m; sourceTree = "<group>"; };
		9F65BCA91B5CDCF3001C0FF3 /* UIView+AccessViewController.h */ = {isa = PBXFileReference; fileEncoding = 4; lastKnownFileType = sourcecode.c.h; path = "UIView+AccessViewController.h"; sourceTree = "<group>"; };
		9F65BCAA1B5CDCF3001C0FF3 /* UIView+AccessViewController.m */ = {isa = PBXFileReference; fileEncoding = 4; lastKnownFileType = sourcecode.c.objc; path = "UIView+AccessViewController.m"; sourceTree = "<group>"; };
		9F6F189619443BDA0071360E /* PRProfileViewController.h */ = {isa = PBXFileReference; fileEncoding = 4; lastKnownFileType = sourcecode.c.h; path = PRProfileViewController.h; sourceTree = "<group>"; };
		9F6F189719443BDA0071360E /* PRProfileViewController.m */ = {isa = PBXFileReference; fileEncoding = 4; lastKnownFileType = sourcecode.c.objc; path = PRProfileViewController.m; sourceTree = "<group>"; };
		9F7B02D61A22244400FCA8E4 /* TPKeyboardAvoidingScrollView.h */ = {isa = PBXFileReference; fileEncoding = 4; lastKnownFileType = sourcecode.c.h; path = TPKeyboardAvoidingScrollView.h; sourceTree = "<group>"; };
		9F7B02D71A22244400FCA8E4 /* TPKeyboardAvoidingScrollView.m */ = {isa = PBXFileReference; fileEncoding = 4; lastKnownFileType = sourcecode.c.objc; path = TPKeyboardAvoidingScrollView.m; sourceTree = "<group>"; };
		9F7EEAD61AC14BC800663CDE /* AFHTTPRequestOperation.h */ = {isa = PBXFileReference; fileEncoding = 4; lastKnownFileType = sourcecode.c.h; path = AFHTTPRequestOperation.h; sourceTree = "<group>"; };
		9F7EEAD71AC14BC800663CDE /* AFHTTPRequestOperation.m */ = {isa = PBXFileReference; fileEncoding = 4; lastKnownFileType = sourcecode.c.objc; path = AFHTTPRequestOperation.m; sourceTree = "<group>"; };
		9F7EEAD81AC14BC800663CDE /* AFHTTPRequestOperationManager.h */ = {isa = PBXFileReference; fileEncoding = 4; lastKnownFileType = sourcecode.c.h; path = AFHTTPRequestOperationManager.h; sourceTree = "<group>"; };
		9F7EEAD91AC14BC800663CDE /* AFHTTPRequestOperationManager.m */ = {isa = PBXFileReference; fileEncoding = 4; lastKnownFileType = sourcecode.c.objc; path = AFHTTPRequestOperationManager.m; sourceTree = "<group>"; };
		9F7EEADA1AC14BC800663CDE /* AFHTTPSessionManager.h */ = {isa = PBXFileReference; fileEncoding = 4; lastKnownFileType = sourcecode.c.h; path = AFHTTPSessionManager.h; sourceTree = "<group>"; };
		9F7EEADB1AC14BC800663CDE /* AFHTTPSessionManager.m */ = {isa = PBXFileReference; fileEncoding = 4; lastKnownFileType = sourcecode.c.objc; path = AFHTTPSessionManager.m; sourceTree = "<group>"; };
		9F7EEADC1AC14BC800663CDE /* AFNetworking.h */ = {isa = PBXFileReference; fileEncoding = 4; lastKnownFileType = sourcecode.c.h; path = AFNetworking.h; sourceTree = "<group>"; };
		9F7EEADD1AC14BC800663CDE /* AFNetworkReachabilityManager.h */ = {isa = PBXFileReference; fileEncoding = 4; lastKnownFileType = sourcecode.c.h; path = AFNetworkReachabilityManager.h; sourceTree = "<group>"; };
		9F7EEADE1AC14BC800663CDE /* AFNetworkReachabilityManager.m */ = {isa = PBXFileReference; fileEncoding = 4; lastKnownFileType = sourcecode.c.objc; path = AFNetworkReachabilityManager.m; sourceTree = "<group>"; };
		9F7EEADF1AC14BC800663CDE /* AFSecurityPolicy.h */ = {isa = PBXFileReference; fileEncoding = 4; lastKnownFileType = sourcecode.c.h; path = AFSecurityPolicy.h; sourceTree = "<group>"; };
		9F7EEAE01AC14BC800663CDE /* AFSecurityPolicy.m */ = {isa = PBXFileReference; fileEncoding = 4; lastKnownFileType = sourcecode.c.objc; path = AFSecurityPolicy.m; sourceTree = "<group>"; };
		9F7EEAE11AC14BC800663CDE /* AFURLConnectionOperation.h */ = {isa = PBXFileReference; fileEncoding = 4; lastKnownFileType = sourcecode.c.h; path = AFURLConnectionOperation.h; sourceTree = "<group>"; };
		9F7EEAE21AC14BC800663CDE /* AFURLConnectionOperation.m */ = {isa = PBXFileReference; fileEncoding = 4; lastKnownFileType = sourcecode.c.objc; path = AFURLConnectionOperation.m; sourceTree = "<group>"; };
		9F7EEAE31AC14BC800663CDE /* AFURLRequestSerialization.h */ = {isa = PBXFileReference; fileEncoding = 4; lastKnownFileType = sourcecode.c.h; path = AFURLRequestSerialization.h; sourceTree = "<group>"; };
		9F7EEAE41AC14BC800663CDE /* AFURLRequestSerialization.m */ = {isa = PBXFileReference; fileEncoding = 4; lastKnownFileType = sourcecode.c.objc; path = AFURLRequestSerialization.m; sourceTree = "<group>"; };
		9F7EEAE51AC14BC800663CDE /* AFURLResponseSerialization.h */ = {isa = PBXFileReference; fileEncoding = 4; lastKnownFileType = sourcecode.c.h; path = AFURLResponseSerialization.h; sourceTree = "<group>"; };
		9F7EEAE61AC14BC800663CDE /* AFURLResponseSerialization.m */ = {isa = PBXFileReference; fileEncoding = 4; lastKnownFileType = sourcecode.c.objc; path = AFURLResponseSerialization.m; sourceTree = "<group>"; };
		9F7EEAE71AC14BC800663CDE /* AFURLSessionManager.h */ = {isa = PBXFileReference; fileEncoding = 4; lastKnownFileType = sourcecode.c.h; path = AFURLSessionManager.h; sourceTree = "<group>"; };
		9F7EEAE81AC14BC800663CDE /* AFURLSessionManager.m */ = {isa = PBXFileReference; fileEncoding = 4; lastKnownFileType = sourcecode.c.objc; path = AFURLSessionManager.m; sourceTree = "<group>"; };
		9F7EEAF31AC17F9800663CDE /* PRTimepassViewController.h */ = {isa = PBXFileReference; fileEncoding = 4; lastKnownFileType = sourcecode.c.h; path = PRTimepassViewController.h; sourceTree = "<group>"; };
		9F7EEAF41AC17F9800663CDE /* PRTimepassViewController.m */ = {isa = PBXFileReference; fileEncoding = 4; lastKnownFileType = sourcecode.c.objc; path = PRTimepassViewController.m; sourceTree = "<group>"; };
		9F812114194175D600249BAC /* PRCollectionCell.h */ = {isa = PBXFileReference; fileEncoding = 4; lastKnownFileType = sourcecode.c.h; path = PRCollectionCell.h; sourceTree = "<group>"; };
		9F812115194175D600249BAC /* PRCollectionCell.m */ = {isa = PBXFileReference; fileEncoding = 4; lastKnownFileType = sourcecode.c.objc; path = PRCollectionCell.m; sourceTree = "<group>"; };
		9F8C4D141B6B544C00B06C63 /* PRSearchViewController.h */ = {isa = PBXFileReference; fileEncoding = 4; lastKnownFileType = sourcecode.c.h; path = PRSearchViewController.h; sourceTree = "<group>"; };
		9F8C4D151B6B544C00B06C63 /* PRSearchViewController.m */ = {isa = PBXFileReference; fileEncoding = 4; lastKnownFileType = sourcecode.c.objc; path = PRSearchViewController.m; sourceTree = "<group>"; };
		9F8F67BC1A1FB31200F3E000 /* PRSelectedCategory.h */ = {isa = PBXFileReference; fileEncoding = 4; lastKnownFileType = sourcecode.c.h; path = PRSelectedCategory.h; sourceTree = "<group>"; };
		9F8F67BD1A1FB31200F3E000 /* PRSelectedCategory.m */ = {isa = PBXFileReference; fileEncoding = 4; lastKnownFileType = sourcecode.c.objc; path = PRSelectedCategory.m; sourceTree = "<group>"; };
		9F90E1421A24F2DB009EE5AB /* SAMCache.h */ = {isa = PBXFileReference; fileEncoding = 4; lastKnownFileType = sourcecode.c.h; path = SAMCache.h; sourceTree = "<group>"; };
		9F90E1431A24F2DB009EE5AB /* SAMCache.m */ = {isa = PBXFileReference; fileEncoding = 4; lastKnownFileType = sourcecode.c.objc; path = SAMCache.m; sourceTree = "<group>"; };
		9F93BE82191EFE2300D9711D /* PRModalDetailFeedViewController.h */ = {isa = PBXFileReference; fileEncoding = 4; lastKnownFileType = sourcecode.c.h; path = PRModalDetailFeedViewController.h; sourceTree = "<group>"; };
		9F93BE83191EFE2300D9711D /* PRModalDetailFeedViewController.m */ = {isa = PBXFileReference; fileEncoding = 4; lastKnownFileType = sourcecode.c.objc; path = PRModalDetailFeedViewController.m; sourceTree = "<group>"; };
		9FA28A521A33609F005D509C /* PRUserLocation.h */ = {isa = PBXFileReference; fileEncoding = 4; lastKnownFileType = sourcecode.c.h; path = PRUserLocation.h; sourceTree = "<group>"; };
		9FA28A531A33609F005D509C /* PRUserLocation.m */ = {isa = PBXFileReference; fileEncoding = 4; lastKnownFileType = sourcecode.c.objc; path = PRUserLocation.m; sourceTree = "<group>"; };
		9FA28A551A3367A2005D509C /* StartApp.bundle */ = {isa = PBXFileReference; lastKnownFileType = "wrapper.plug-in"; path = StartApp.bundle; sourceTree = "<group>"; };
		9FA28A561A3367A2005D509C /* StartApp.framework */ = {isa = PBXFileReference; lastKnownFileType = wrapper.framework; path = StartApp.framework; sourceTree = "<group>"; };
		9FA28A591A3367DF005D509C /* CoreTelephony.framework */ = {isa = PBXFileReference; lastKnownFileType = wrapper.framework; name = CoreTelephony.framework; path = System/Library/Frameworks/CoreTelephony.framework; sourceTree = SDKROOT; };
		9FA28A5B1A3367FF005D509C /* AdSupport.framework */ = {isa = PBXFileReference; lastKnownFileType = wrapper.framework; name = AdSupport.framework; path = System/Library/Frameworks/AdSupport.framework; sourceTree = SDKROOT; };
		9FAC4FEA1A7533CC0023C66A /* Social.framework */ = {isa = PBXFileReference; lastKnownFileType = wrapper.framework; name = Social.framework; path = System/Library/Frameworks/Social.framework; sourceTree = SDKROOT; };
		9FAC4FEC1A7533D40023C66A /* Accounts.framework */ = {isa = PBXFileReference; lastKnownFileType = wrapper.framework; name = Accounts.framework; path = System/Library/Frameworks/Accounts.framework; sourceTree = SDKROOT; };
		9FAD219419430B720055FA9D /* navBarBackground.png */ = {isa = PBXFileReference; lastKnownFileType = image.png; path = navBarBackground.png; sourceTree = "<group>"; };
		9FB1F313191E206200776A16 /* Preview.app */ = {isa = PBXFileReference; explicitFileType = wrapper.application; includeInIndex = 0; path = Preview.app; sourceTree = BUILT_PRODUCTS_DIR; };
		9FB1F316191E206200776A16 /* Foundation.framework */ = {isa = PBXFileReference; lastKnownFileType = wrapper.framework; name = Foundation.framework; path = System/Library/Frameworks/Foundation.framework; sourceTree = SDKROOT; };
		9FB1F318191E206200776A16 /* CoreGraphics.framework */ = {isa = PBXFileReference; lastKnownFileType = wrapper.framework; name = CoreGraphics.framework; path = System/Library/Frameworks/CoreGraphics.framework; sourceTree = SDKROOT; };
		9FB1F31A191E206200776A16 /* UIKit.framework */ = {isa = PBXFileReference; lastKnownFileType = wrapper.framework; name = UIKit.framework; path = System/Library/Frameworks/UIKit.framework; sourceTree = SDKROOT; };
		9FB1F31E191E206200776A16 /* Preview-Info.plist */ = {isa = PBXFileReference; lastKnownFileType = text.plist.xml; path = "Preview-Info.plist"; sourceTree = "<group>"; };
		9FB1F320191E206200776A16 /* en */ = {isa = PBXFileReference; lastKnownFileType = text.plist.strings; name = en; path = en.lproj/InfoPlist.strings; sourceTree = "<group>"; };
		9FB1F322191E206200776A16 /* main.m */ = {isa = PBXFileReference; lastKnownFileType = sourcecode.c.objc; path = main.m; sourceTree = "<group>"; };
		9FB1F324191E206200776A16 /* Preview-Prefix.pch */ = {isa = PBXFileReference; lastKnownFileType = sourcecode.c.h; path = "Preview-Prefix.pch"; sourceTree = "<group>"; };
		9FB1F325191E206200776A16 /* PRAppDelegate.h */ = {isa = PBXFileReference; lastKnownFileType = sourcecode.c.h; path = PRAppDelegate.h; sourceTree = "<group>"; };
		9FB1F326191E206200776A16 /* PRAppDelegate.m */ = {isa = PBXFileReference; lastKnownFileType = sourcecode.c.objc; path = PRAppDelegate.m; sourceTree = "<group>"; };
		9FB1F328191E206200776A16 /* Images.xcassets */ = {isa = PBXFileReference; lastKnownFileType = folder.assetcatalog; path = Images.xcassets; sourceTree = "<group>"; };
		9FB1F32E191E206200776A16 /* PreviewTests.xctest */ = {isa = PBXFileReference; explicitFileType = wrapper.cfbundle; includeInIndex = 0; path = PreviewTests.xctest; sourceTree = BUILT_PRODUCTS_DIR; };
		9FB1F32F191E206200776A16 /* XCTest.framework */ = {isa = PBXFileReference; lastKnownFileType = wrapper.framework; name = XCTest.framework; path = Library/Frameworks/XCTest.framework; sourceTree = DEVELOPER_DIR; };
		9FB1F337191E206200776A16 /* PreviewTests-Info.plist */ = {isa = PBXFileReference; lastKnownFileType = text.plist.xml; path = "PreviewTests-Info.plist"; sourceTree = "<group>"; };
		9FB1F339191E206200776A16 /* en */ = {isa = PBXFileReference; lastKnownFileType = text.plist.strings; name = en; path = en.lproj/InfoPlist.strings; sourceTree = "<group>"; };
		9FB1F33B191E206200776A16 /* PreviewTests.m */ = {isa = PBXFileReference; lastKnownFileType = sourcecode.c.objc; path = PreviewTests.m; sourceTree = "<group>"; };
		9FB1F345191E219400776A16 /* Parse.framework */ = {isa = PBXFileReference; lastKnownFileType = wrapper.framework; path = Parse.framework; sourceTree = "<group>"; };
		9FB1F347191E221C00776A16 /* AudioToolbox.framework */ = {isa = PBXFileReference; lastKnownFileType = wrapper.framework; name = AudioToolbox.framework; path = System/Library/Frameworks/AudioToolbox.framework; sourceTree = SDKROOT; };
		9FB1F348191E221C00776A16 /* CFNetwork.framework */ = {isa = PBXFileReference; lastKnownFileType = wrapper.framework; name = CFNetwork.framework; path = System/Library/Frameworks/CFNetwork.framework; sourceTree = SDKROOT; };
		9FB1F349191E221C00776A16 /* CoreLocation.framework */ = {isa = PBXFileReference; lastKnownFileType = wrapper.framework; name = CoreLocation.framework; path = System/Library/Frameworks/CoreLocation.framework; sourceTree = SDKROOT; };
		9FB1F34A191E221C00776A16 /* libz.1.1.3.dylib */ = {isa = PBXFileReference; lastKnownFileType = "compiled.mach-o.dylib"; name = libz.1.1.3.dylib; path = usr/lib/libz.1.1.3.dylib; sourceTree = SDKROOT; };
		9FB1F34B191E221C00776A16 /* MobileCoreServices.framework */ = {isa = PBXFileReference; lastKnownFileType = wrapper.framework; name = MobileCoreServices.framework; path = System/Library/Frameworks/MobileCoreServices.framework; sourceTree = SDKROOT; };
		9FB1F34C191E221C00776A16 /* QuartzCore.framework */ = {isa = PBXFileReference; lastKnownFileType = wrapper.framework; name = QuartzCore.framework; path = System/Library/Frameworks/QuartzCore.framework; sourceTree = SDKROOT; };
		9FB1F34D191E221C00776A16 /* Security.framework */ = {isa = PBXFileReference; lastKnownFileType = wrapper.framework; name = Security.framework; path = System/Library/Frameworks/Security.framework; sourceTree = SDKROOT; };
		9FB1F34E191E221C00776A16 /* StoreKit.framework */ = {isa = PBXFileReference; lastKnownFileType = wrapper.framework; name = StoreKit.framework; path = System/Library/Frameworks/StoreKit.framework; sourceTree = SDKROOT; };
		9FB1F34F191E221C00776A16 /* SystemConfiguration.framework */ = {isa = PBXFileReference; lastKnownFileType = wrapper.framework; name = SystemConfiguration.framework; path = System/Library/Frameworks/SystemConfiguration.framework; sourceTree = SDKROOT; };
		9FB1F359191E22F700776A16 /* MainStoryboard.storyboard */ = {isa = PBXFileReference; fileEncoding = 4; lastKnownFileType = file.storyboard; path = MainStoryboard.storyboard; sourceTree = "<group>"; };
		9FB1F35B191E277B00776A16 /* PRHomeFeedViewController.h */ = {isa = PBXFileReference; fileEncoding = 4; lastKnownFileType = sourcecode.c.h; path = PRHomeFeedViewController.h; sourceTree = "<group>"; };
		9FB1F35C191E277B00776A16 /* PRHomeFeedViewController.m */ = {isa = PBXFileReference; fileEncoding = 4; lastKnownFileType = sourcecode.c.objc; path = PRHomeFeedViewController.m; sourceTree = "<group>"; };
		9FB1F35E191E2EDA00776A16 /* PRLoginViewController.h */ = {isa = PBXFileReference; fileEncoding = 4; lastKnownFileType = sourcecode.c.h; path = PRLoginViewController.h; sourceTree = "<group>"; };
		9FB1F35F191E2EDA00776A16 /* PRLoginViewController.m */ = {isa = PBXFileReference; fileEncoding = 4; lastKnownFileType = sourcecode.c.objc; path = PRLoginViewController.m; sourceTree = "<group>"; };
		9FB1F364191E38A400776A16 /* PRSignUPViewController.h */ = {isa = PBXFileReference; fileEncoding = 4; lastKnownFileType = sourcecode.c.h; path = PRSignUPViewController.h; sourceTree = "<group>"; };
		9FB1F365191E38A400776A16 /* PRSignUPViewController.m */ = {isa = PBXFileReference; fileEncoding = 4; lastKnownFileType = sourcecode.c.objc; path = PRSignUPViewController.m; sourceTree = "<group>"; };
		9FB33AF81AC7D8E80050B45B /* PRRelatedViewController.h */ = {isa = PBXFileReference; fileEncoding = 4; lastKnownFileType = sourcecode.c.h; path = PRRelatedViewController.h; sourceTree = "<group>"; };
		9FB33AF91AC7D8E80050B45B /* PRRelatedViewController.m */ = {isa = PBXFileReference; fileEncoding = 4; lastKnownFileType = sourcecode.c.objc; path = PRRelatedViewController.m; sourceTree = "<group>"; };
		9FB60DE51B6CB04700B67347 /* PRSearchCell.h */ = {isa = PBXFileReference; fileEncoding = 4; lastKnownFileType = sourcecode.c.h; path = PRSearchCell.h; sourceTree = "<group>"; };
		9FB60DE61B6CB04700B67347 /* PRSearchCell.m */ = {isa = PBXFileReference; fileEncoding = 4; lastKnownFileType = sourcecode.c.objc; path = PRSearchCell.m; sourceTree = "<group>"; };
		9FB60DE81B6CCE5300B67347 /* PRDetailSearchResultViewController.h */ = {isa = PBXFileReference; fileEncoding = 4; lastKnownFileType = sourcecode.c.h; path = PRDetailSearchResultViewController.h; sourceTree = "<group>"; };
		9FB60DE91B6CCE5300B67347 /* PRDetailSearchResultViewController.m */ = {isa = PBXFileReference; fileEncoding = 4; lastKnownFileType = sourcecode.c.objc; path = PRDetailSearchResultViewController.m; sourceTree = "<group>"; };
		9FBAAEF9194066FA006F39B3 /* FacebookSDK.framework */ = {isa = PBXFileReference; lastKnownFileType = wrapper.framework; path = FacebookSDK.framework; sourceTree = "<group>"; };
		9FBB579319DD63A900F62CE8 /* PRFriendsCollectionViewController.h */ = {isa = PBXFileReference; fileEncoding = 4; lastKnownFileType = sourcecode.c.h; path = PRFriendsCollectionViewController.h; sourceTree = "<group>"; };
		9FBB579419DD63A900F62CE8 /* PRFriendsCollectionViewController.m */ = {isa = PBXFileReference; fileEncoding = 4; lastKnownFileType = sourcecode.c.objc; path = PRFriendsCollectionViewController.m; sourceTree = "<group>"; };
		9FBB579619DD641100F62CE8 /* PRFriendsCollectionViewCell.h */ = {isa = PBXFileReference; fileEncoding = 4; lastKnownFileType = sourcecode.c.h; path = PRFriendsCollectionViewCell.h; sourceTree = "<group>"; };
		9FBB579719DD641100F62CE8 /* PRFriendsCollectionViewCell.m */ = {isa = PBXFileReference; fileEncoding = 4; lastKnownFileType = sourcecode.c.objc; path = PRFriendsCollectionViewCell.m; sourceTree = "<group>"; };
		9FBCC985191EBBE700B2D3FB /* PRSelectedCategoryTitles.h */ = {isa = PBXFileReference; fileEncoding = 4; lastKnownFileType = sourcecode.c.h; path = PRSelectedCategoryTitles.h; sourceTree = "<group>"; };
		9FBCC986191EBBE700B2D3FB /* PRSelectedCategoryTitles.m */ = {isa = PBXFileReference; fileEncoding = 4; lastKnownFileType = sourcecode.c.objc; path = PRSelectedCategoryTitles.m; sourceTree = "<group>"; };
		9FC1A57819F56922006FBD0F /* PRForgotPasswordViewController.h */ = {isa = PBXFileReference; fileEncoding = 4; lastKnownFileType = sourcecode.c.h; path = PRForgotPasswordViewController.h; sourceTree = "<group>"; };
		9FC1A57919F56922006FBD0F /* PRForgotPasswordViewController.m */ = {isa = PBXFileReference; fileEncoding = 4; lastKnownFileType = sourcecode.c.objc; path = PRForgotPasswordViewController.m; sourceTree = "<group>"; };
		9FC96E611B5FD08200BA869B /* PRProductB.h */ = {isa = PBXFileReference; fileEncoding = 4; lastKnownFileType = sourcecode.c.h; path = PRProductB.h; sourceTree = "<group>"; };
		9FC96E621B5FD08200BA869B /* PRProductB.m */ = {isa = PBXFileReference; fileEncoding = 4; lastKnownFileType = sourcecode.c.objc; path = PRProductB.m; sourceTree = "<group>"; };
		9FCA65281940BF1F009CA8D3 /* PRRelatedPicturesViewController.h */ = {isa = PBXFileReference; fileEncoding = 4; lastKnownFileType = sourcecode.c.h; path = PRRelatedPicturesViewController.h; sourceTree = "<group>"; };
		9FCA65291940BF1F009CA8D3 /* PRRelatedPicturesViewController.m */ = {isa = PBXFileReference; fileEncoding = 4; lastKnownFileType = sourcecode.c.objc; path = PRRelatedPicturesViewController.m; sourceTree = "<group>"; };
		9FCCC5D819E538AA00D7FC39 /* PRShowJustReviewsViewController.h */ = {isa = PBXFileReference; fileEncoding = 4; lastKnownFileType = sourcecode.c.h; path = PRShowJustReviewsViewController.h; sourceTree = "<group>"; };
		9FCCC5D919E538AA00D7FC39 /* PRShowJustReviewsViewController.m */ = {isa = PBXFileReference; fileEncoding = 4; lastKnownFileType = sourcecode.c.objc; path = PRShowJustReviewsViewController.m; sourceTree = "<group>"; };
		9FD45EF31B0F3FFF00A36F8F /* PRColorWheel.h */ = {isa = PBXFileReference; fileEncoding = 4; lastKnownFileType = sourcecode.c.h; path = PRColorWheel.h; sourceTree = "<group>"; };
		9FD45EF41B0F3FFF00A36F8F /* PRColorWheel.m */ = {isa = PBXFileReference; fileEncoding = 4; lastKnownFileType = sourcecode.c.objc; path = PRColorWheel.m; sourceTree = "<group>"; };
		9FDEEDFD19F808B40002210E /* PRLeaderBoardViewController.h */ = {isa = PBXFileReference; fileEncoding = 4; lastKnownFileType = sourcecode.c.h; path = PRLeaderBoardViewController.h; sourceTree = "<group>"; };
		9FDEEDFE19F808B40002210E /* PRLeaderBoardViewController.m */ = {isa = PBXFileReference; fileEncoding = 4; lastKnownFileType = sourcecode.c.objc; path = PRLeaderBoardViewController.m; sourceTree = "<group>"; };
		9FDEEE0019F80A060002210E /* PRLeaderboardViewCell.h */ = {isa = PBXFileReference; fileEncoding = 4; lastKnownFileType = sourcecode.c.h; path = PRLeaderboardViewCell.h; sourceTree = "<group>"; };
		9FDEEE0119F80A060002210E /* PRLeaderboardViewCell.m */ = {isa = PBXFileReference; fileEncoding = 4; lastKnownFileType = sourcecode.c.objc; path = PRLeaderboardViewCell.m; sourceTree = "<group>"; };
		9FE227DA1AC132C600C6DE11 /* PRDetailPictureViewController.h */ = {isa = PBXFileReference; fileEncoding = 4; lastKnownFileType = sourcecode.c.h; path = PRDetailPictureViewController.h; sourceTree = "<group>"; };
		9FE227DB1AC132C600C6DE11 /* PRDetailPictureViewController.m */ = {isa = PBXFileReference; fileEncoding = 4; lastKnownFileType = sourcecode.c.objc; path = PRDetailPictureViewController.m; sourceTree = "<group>"; };
		9FE6778A1B0FAB2E00FBF83C /* CoreVideo.framework */ = {isa = PBXFileReference; lastKnownFileType = wrapper.framework; name = CoreVideo.framework; path = System/Library/Frameworks/CoreVideo.framework; sourceTree = SDKROOT; };
		9FE6778C1B0FAB3D00FBF83C /* CoreMedia.framework */ = {isa = PBXFileReference; lastKnownFileType = wrapper.framework; name = CoreMedia.framework; path = System/Library/Frameworks/CoreMedia.framework; sourceTree = SDKROOT; };
		9FEE1D5F194C8D0B005F7A46 /* PREditProfileViewController.h */ = {isa = PBXFileReference; fileEncoding = 4; lastKnownFileType = sourcecode.c.h; path = PREditProfileViewController.h; sourceTree = "<group>"; };
		9FEE1D60194C8D0B005F7A46 /* PREditProfileViewController.m */ = {isa = PBXFileReference; fileEncoding = 4; lastKnownFileType = sourcecode.c.objc; path = PREditProfileViewController.m; sourceTree = "<group>"; };
		9FF126B3191ECF6600759248 /* PRSelectedCategoryViewController.h */ = {isa = PBXFileReference; fileEncoding = 4; lastKnownFileType = sourcecode.c.h; path = PRSelectedCategoryViewController.h; sourceTree = "<group>"; };
		9FF126B4191ECF6600759248 /* PRSelectedCategoryViewController.m */ = {isa = PBXFileReference; fileEncoding = 4; lastKnownFileType = sourcecode.c.objc; path = PRSelectedCategoryViewController.m; sourceTree = "<group>"; };
		9FF92F5D1A9E59040089A3C8 /* MapKit.framework */ = {isa = PBXFileReference; lastKnownFileType = wrapper.framework; name = MapKit.framework; path = System/Library/Frameworks/MapKit.framework; sourceTree = SDKROOT; };
		9FFDD65E1B5E051C0097ED0A /* PRSettingsViewController.h */ = {isa = PBXFileReference; fileEncoding = 4; lastKnownFileType = sourcecode.c.h; path = PRSettingsViewController.h; sourceTree = "<group>"; };
		9FFDD65F1B5E051C0097ED0A /* PRSettingsViewController.m */ = {isa = PBXFileReference; fileEncoding = 4; lastKnownFileType = sourcecode.c.objc; path = PRSettingsViewController.m; sourceTree = "<group>"; };
		9FFDD6611B5E135E0097ED0A /* PRDetailSettingViewController.h */ = {isa = PBXFileReference; fileEncoding = 4; lastKnownFileType = sourcecode.c.h; path = PRDetailSettingViewController.h; sourceTree = "<group>"; };
		9FFDD6621B5E135E0097ED0A /* PRDetailSettingViewController.m */ = {isa = PBXFileReference; fileEncoding = 4; lastKnownFileType = sourcecode.c.objc; path = PRDetailSettingViewController.m; sourceTree = "<group>"; };
/* End PBXFileReference section */

/* Begin PBXFrameworksBuildPhase section */
		9FB1F310191E206200776A16 /* Frameworks */ = {
			isa = PBXFrameworksBuildPhase;
			buildActionMask = 2147483647;
			files = (
				9FE6778D1B0FAB3D00FBF83C /* CoreMedia.framework in Frameworks */,
				9FE6778B1B0FAB2E00FBF83C /* CoreVideo.framework in Frameworks */,
				9FF92F5E1A9E59040089A3C8 /* MapKit.framework in Frameworks */,
				9FAC4FED1A7533D40023C66A /* Accounts.framework in Frameworks */,
				9FAC4FEB1A7533CC0023C66A /* Social.framework in Frameworks */,
				9F40F7621A73A5DA0066E92F /* OpenGLES.framework in Frameworks */,
				9F40F7601A73A5CE0066E92F /* libz.dylib in Frameworks */,
				9F40F75E1A73A5C40066E92F /* libicucore.dylib in Frameworks */,
				9F40F75C1A73A5B90066E92F /* libc++.dylib in Frameworks */,
				9F40F75A1A73A59E0066E92F /* ImageIO.framework in Frameworks */,
				9F40F7581A73A5950066E92F /* GLKit.framework in Frameworks */,
				9F40F7561A73A5750066E92F /* CoreText.framework in Frameworks */,
				9F40F7541A73A5500066E92F /* CoreData.framework in Frameworks */,
				9F40F7521A73A5330066E92F /* AVFoundation.framework in Frameworks */,
				9FA28A5C1A3367FF005D509C /* AdSupport.framework in Frameworks */,
				9FA28A5A1A3367DF005D509C /* CoreTelephony.framework in Frameworks */,
				9F03F8D319F8E74B00D39B10 /* iAd.framework in Frameworks */,
				9FB1F350191E221C00776A16 /* AudioToolbox.framework in Frameworks */,
				9FB1F351191E221C00776A16 /* CFNetwork.framework in Frameworks */,
				9FB1F352191E221C00776A16 /* CoreLocation.framework in Frameworks */,
				9FB1F353191E221C00776A16 /* libz.1.1.3.dylib in Frameworks */,
				9FB1F354191E221C00776A16 /* MobileCoreServices.framework in Frameworks */,
				9FB1F355191E221C00776A16 /* QuartzCore.framework in Frameworks */,
				9FB1F356191E221C00776A16 /* Security.framework in Frameworks */,
				9FB1F357191E221C00776A16 /* StoreKit.framework in Frameworks */,
				9FB1F358191E221C00776A16 /* SystemConfiguration.framework in Frameworks */,
				9FB1F319191E206200776A16 /* CoreGraphics.framework in Frameworks */,
				9FB1F31B191E206200776A16 /* UIKit.framework in Frameworks */,
				9FB1F346191E219400776A16 /* Parse.framework in Frameworks */,
				9FA28A581A3367A2005D509C /* StartApp.framework in Frameworks */,
				9FB1F317191E206200776A16 /* Foundation.framework in Frameworks */,
				9FBAAEFA194066FA006F39B3 /* FacebookSDK.framework in Frameworks */,
			);
			runOnlyForDeploymentPostprocessing = 0;
		};
		9FB1F32B191E206200776A16 /* Frameworks */ = {
			isa = PBXFrameworksBuildPhase;
			buildActionMask = 2147483647;
			files = (
				9FB1F330191E206200776A16 /* XCTest.framework in Frameworks */,
				9FB1F332191E206200776A16 /* UIKit.framework in Frameworks */,
				9FB1F331191E206200776A16 /* Foundation.framework in Frameworks */,
			);
			runOnlyForDeploymentPostprocessing = 0;
		};
/* End PBXFrameworksBuildPhase section */

/* Begin PBXGroup section */
		9F08037D1A6BAE1B00A4CB9C /* Sliding Effect Files */ = {
			isa = PBXGroup;
			children = (
				9F08037E1A6BAE3B00A4CB9C /* SWRevealViewController.h */,
				9F08037F1A6BAE3B00A4CB9C /* SWRevealViewController.m */,
			);
			name = "Sliding Effect Files";
			sourceTree = "<group>";
		};
		9F0803811A6BC8F300A4CB9C /* New Share */ = {
			isa = PBXGroup;
			children = (
				9F0803821A6BC95B00A4CB9C /* CAAnimation+Blocks.h */,
				9F0803831A6BC95B00A4CB9C /* CAAnimation+Blocks.m */,
				9F0803841A6BC95B00A4CB9C /* Evaluate.h */,
				9F0803851A6BC95B00A4CB9C /* Evaluate.m */,
				9F0803861A6BC95B00A4CB9C /* OMVector.h */,
				9F0803871A6BC95B00A4CB9C /* UIButton+LongTapShare.h */,
				9F0803881A6BC95B00A4CB9C /* UIButton+LongTapShare.m */,
				9F0803891A6BC95B00A4CB9C /* YLLongTapShareView.h */,
				9F08038A1A6BC95B00A4CB9C /* YLLongTapShareView.m */,
				9F08038B1A6BC95B00A4CB9C /* YLShareAnimationHelper.h */,
				9F08038C1A6BC95B00A4CB9C /* YLShareAnimationHelper.m */,
				9F08038D1A6BC95B00A4CB9C /* YLShareButtonView.h */,
				9F08038E1A6BC95B00A4CB9C /* YLShareButtonView.m */,
				9F08038F1A6BC95B00A4CB9C /* YLShareView.h */,
				9F0803901A6BC95B00A4CB9C /* YLShareView.m */,
			);
			name = "New Share";
			sourceTree = "<group>";
		};
		9F0F98F31AEE4833000511CC /* Rate */ = {
			isa = PBXGroup;
			children = (
				9FC96E601B5FD07300BA869B /* Product B */,
				9F29E9C01B5F650A00A0001F /* Product A */,
				9F0F98F41AEE485F000511CC /* PRRateGameViewController.h */,
				9F0F98F51AEE485F000511CC /* PRRateGameViewController.m */,
			);
			name = Rate;
			sourceTree = "<group>";
		};
		9F100CE119F822BD00553FD7 /* Related Searches */ = {
			isa = PBXGroup;
			children = (
				9FB33AF81AC7D8E80050B45B /* PRRelatedViewController.h */,
				9FB33AF91AC7D8E80050B45B /* PRRelatedViewController.m */,
			);
			name = "Related Searches";
			sourceTree = "<group>";
		};
		9F1E4E6319E1452700E3B242 /* Time Ago */ = {
			isa = PBXGroup;
			children = (
				9F1E4E6419E1454300E3B242 /* NSDate+NVTimeAgo.h */,
				9F1E4E6519E1454300E3B242 /* NSDate+NVTimeAgo.m */,
			);
			name = "Time Ago";
			sourceTree = "<group>";
		};
		9F1F507E191F5C2C00551499 /* Suggest */ = {
			isa = PBXGroup;
			children = (
				9F1F507F191F5C5700551499 /* PRSuggestProductViewController.h */,
				9F1F5080191F5C5700551499 /* PRSuggestProductViewController.m */,
				9F1F5082191F5D6A00551499 /* PRSuggestCategoryViewController.h */,
				9F1F5083191F5D6A00551499 /* PRSuggestCategoryViewController.m */,
			);
			name = Suggest;
			sourceTree = "<group>";
		};
		9F29E9C01B5F650A00A0001F /* Product A */ = {
			isa = PBXGroup;
			children = (
				9F29E9C41B5F735300A0001F /* PRProductA.h */,
				9F29E9C51B5F735300A0001F /* PRProductA.m */,
			);
			name = "Product A";
			sourceTree = "<group>";
		};
		9F342A1A19DFFB59006C7135 /* Comments */ = {
			isa = PBXGroup;
			children = (
				9F342A1B19DFFB83006C7135 /* PRcommentsCollectionViewController.h */,
				9F342A1C19DFFB83006C7135 /* PRcommentsCollectionViewController.m */,
				9F342A1E19DFFBA1006C7135 /* PRCommentsCollectionViewCell.h */,
				9F342A1F19DFFBA1006C7135 /* PRCommentsCollectionViewCell.m */,
				9F342A2119E00197006C7135 /* PRInsertCommentViewController.h */,
				9F342A2219E00197006C7135 /* PRInsertCommentViewController.m */,
				9FA28A521A33609F005D509C /* PRUserLocation.h */,
				9FA28A531A33609F005D509C /* PRUserLocation.m */,
			);
			name = Comments;
			sourceTree = "<group>";
		};
		9F3B23A9191EAF6A0057BFA5 /* Home Feed */ = {
			isa = PBXGroup;
			children = (
				9FB1F35B191E277B00776A16 /* PRHomeFeedViewController.h */,
				9FB1F35C191E277B00776A16 /* PRHomeFeedViewController.m */,
				9F58550B191E876000E2E6D1 /* PRFeedPost.h */,
				9F58550C191E876000E2E6D1 /* PRFeedPost.m */,
				9F93BE82191EFE2300D9711D /* PRModalDetailFeedViewController.h */,
				9F93BE83191EFE2300D9711D /* PRModalDetailFeedViewController.m */,
				9FCA65281940BF1F009CA8D3 /* PRRelatedPicturesViewController.h */,
				9FCA65291940BF1F009CA8D3 /* PRRelatedPicturesViewController.m */,
				9F812114194175D600249BAC /* PRCollectionCell.h */,
				9F812115194175D600249BAC /* PRCollectionCell.m */,
				9FCCC5D819E538AA00D7FC39 /* PRShowJustReviewsViewController.h */,
				9FCCC5D919E538AA00D7FC39 /* PRShowJustReviewsViewController.m */,
				9FE227DA1AC132C600C6DE11 /* PRDetailPictureViewController.h */,
				9FE227DB1AC132C600C6DE11 /* PRDetailPictureViewController.m */,
				9F411CAA1AC293290055B172 /* PRShowOriginalPictureViewController.h */,
				9F411CAB1AC293290055B172 /* PRShowOriginalPictureViewController.m */,
			);
			name = "Home Feed";
			sourceTree = "<group>";
		};
		9F3B23AA191EAF860057BFA5 /* Category View */ = {
			isa = PBXGroup;
			children = (
				9F32FC5F191E98BC00520497 /* PRCategoryViewController.h */,
				9F32FC60191E98BC00520497 /* PRCategoryViewController.m */,
				9F3B23A6191EA47E0057BFA5 /* PRCategoryTitles.h */,
				9F3B23A7191EA47E0057BFA5 /* PRCategoryTitles.m */,
			);
			name = "Category View";
			sourceTree = "<group>";
		};
		9F3B23AB191EAFA10057BFA5 /* Selected Category */ = {
			isa = PBXGroup;
			children = (
				9FBCC985191EBBE700B2D3FB /* PRSelectedCategoryTitles.h */,
				9FBCC986191EBBE700B2D3FB /* PRSelectedCategoryTitles.m */,
				9FF126B3191ECF6600759248 /* PRSelectedCategoryViewController.h */,
				9FF126B4191ECF6600759248 /* PRSelectedCategoryViewController.m */,
				9F8F67BC1A1FB31200F3E000 /* PRSelectedCategory.h */,
				9F8F67BD1A1FB31200F3E000 /* PRSelectedCategory.m */,
			);
			name = "Selected Category";
			sourceTree = "<group>";
		};
		9F40F74A1A739EDB0066E92F /* Nearby */ = {
			isa = PBXGroup;
			children = (
				9F40F74E1A739F250066E92F /* PRNearbyViewController.h */,
				9F40F74F1A739F250066E92F /* PRNearbyViewController.m */,
			);
			name = Nearby;
			sourceTree = "<group>";
		};
		9F447E1B19EEFA9B007BD7FB /* EXC Content */ = {
			isa = PBXGroup;
			children = (
				9F447E1C19EEFAB3007BD7FB /* PRPurchaseWebViewController.h */,
				9F447E1D19EEFAB3007BD7FB /* PRPurchaseWebViewController.m */,
			);
			name = "EXC Content";
			sourceTree = "<group>";
		};
		9F65BCA51B5CDBAF001C0FF3 /* MS Accessory */ = {
			isa = PBXGroup;
			children = (
				9F65BCA91B5CDCF3001C0FF3 /* UIView+AccessViewController.h */,
				9F65BCAA1B5CDCF3001C0FF3 /* UIView+AccessViewController.m */,
				9F65BCA61B5CDBD1001C0FF3 /* MSCellAccessory.h */,
				9F65BCA71B5CDBD1001C0FF3 /* MSCellAccessory.m */,
			);
			name = "MS Accessory";
			sourceTree = "<group>";
		};
		9F6F189519443BC00071360E /* Profile */ = {
			isa = PBXGroup;
			children = (
				9F6F189619443BDA0071360E /* PRProfileViewController.h */,
				9F6F189719443BDA0071360E /* PRProfileViewController.m */,
				9FEE1D5F194C8D0B005F7A46 /* PREditProfileViewController.h */,
				9FEE1D60194C8D0B005F7A46 /* PREditProfileViewController.m */,
			);
			name = Profile;
			sourceTree = "<group>";
		};
		9F7B02D51A22242F00FCA8E4 /* Keyboard */ = {
			isa = PBXGroup;
			children = (
				9F7B02D61A22244400FCA8E4 /* TPKeyboardAvoidingScrollView.h */,
				9F7B02D71A22244400FCA8E4 /* TPKeyboardAvoidingScrollView.m */,
			);
			name = Keyboard;
			sourceTree = "<group>";
		};
		9F7EEAD51AC14BAB00663CDE /* AFNetworking */ = {
			isa = PBXGroup;
			children = (
				9F7EEAD61AC14BC800663CDE /* AFHTTPRequestOperation.h */,
				9F7EEAD71AC14BC800663CDE /* AFHTTPRequestOperation.m */,
				9F7EEAD81AC14BC800663CDE /* AFHTTPRequestOperationManager.h */,
				9F7EEAD91AC14BC800663CDE /* AFHTTPRequestOperationManager.m */,
				9F7EEADA1AC14BC800663CDE /* AFHTTPSessionManager.h */,
				9F7EEADB1AC14BC800663CDE /* AFHTTPSessionManager.m */,
				9F7EEADC1AC14BC800663CDE /* AFNetworking.h */,
				9F7EEADD1AC14BC800663CDE /* AFNetworkReachabilityManager.h */,
				9F7EEADE1AC14BC800663CDE /* AFNetworkReachabilityManager.m */,
				9F7EEADF1AC14BC800663CDE /* AFSecurityPolicy.h */,
				9F7EEAE01AC14BC800663CDE /* AFSecurityPolicy.m */,
				9F7EEAE11AC14BC800663CDE /* AFURLConnectionOperation.h */,
				9F7EEAE21AC14BC800663CDE /* AFURLConnectionOperation.m */,
				9F7EEAE31AC14BC800663CDE /* AFURLRequestSerialization.h */,
				9F7EEAE41AC14BC800663CDE /* AFURLRequestSerialization.m */,
				9F7EEAE51AC14BC800663CDE /* AFURLResponseSerialization.h */,
				9F7EEAE61AC14BC800663CDE /* AFURLResponseSerialization.m */,
				9F7EEAE71AC14BC800663CDE /* AFURLSessionManager.h */,
				9F7EEAE81AC14BC800663CDE /* AFURLSessionManager.m */,
			);
			name = AFNetworking;
			sourceTree = "<group>";
		};
		9F7EEAF21AC17ED800663CDE /* Dynamic */ = {
			isa = PBXGroup;
			children = (
				9F7EEAF31AC17F9800663CDE /* PRTimepassViewController.h */,
				9F7EEAF41AC17F9800663CDE /* PRTimepassViewController.m */,
			);
			name = Dynamic;
			sourceTree = "<group>";
		};
		9F8C4D131B6B541D00B06C63 /* Search */ = {
			isa = PBXGroup;
			children = (
				9F8C4D141B6B544C00B06C63 /* PRSearchViewController.h */,
				9F8C4D151B6B544C00B06C63 /* PRSearchViewController.m */,
				9FB60DE51B6CB04700B67347 /* PRSearchCell.h */,
				9FB60DE61B6CB04700B67347 /* PRSearchCell.m */,
				9FB60DE81B6CCE5300B67347 /* PRDetailSearchResultViewController.h */,
				9FB60DE91B6CCE5300B67347 /* PRDetailSearchResultViewController.m */,
			);
			name = Search;
			sourceTree = "<group>";
		};
		9F90E1411A24F2C5009EE5AB /* Cache */ = {
			isa = PBXGroup;
			children = (
				9F90E1421A24F2DB009EE5AB /* SAMCache.h */,
				9F90E1431A24F2DB009EE5AB /* SAMCache.m */,
			);
			name = Cache;
			sourceTree = "<group>";
		};
		9FAD219319430B4E0055FA9D /* Other Images */ = {
			isa = PBXGroup;
			children = (
				9FAD219419430B720055FA9D /* navBarBackground.png */,
			);
			name = "Other Images";
			sourceTree = "<group>";
		};
		9FB1F30A191E206200776A16 = {
			isa = PBXGroup;
			children = (
				9FB1F31C191E206200776A16 /* Preview */,
				9FB1F335191E206200776A16 /* PreviewTests */,
				9FB1F315191E206200776A16 /* Frameworks */,
				9FB1F314191E206200776A16 /* Products */,
			);
			sourceTree = "<group>";
		};
		9FB1F314191E206200776A16 /* Products */ = {
			isa = PBXGroup;
			children = (
				9FB1F313191E206200776A16 /* Preview.app */,
				9FB1F32E191E206200776A16 /* PreviewTests.xctest */,
			);
			name = Products;
			sourceTree = "<group>";
		};
		9FB1F315191E206200776A16 /* Frameworks */ = {
			isa = PBXGroup;
			children = (
				9FE6778C1B0FAB3D00FBF83C /* CoreMedia.framework */,
				9FE6778A1B0FAB2E00FBF83C /* CoreVideo.framework */,
				9FF92F5D1A9E59040089A3C8 /* MapKit.framework */,
				9FAC4FEC1A7533D40023C66A /* Accounts.framework */,
				9FAC4FEA1A7533CC0023C66A /* Social.framework */,
				9F40F7611A73A5DA0066E92F /* OpenGLES.framework */,
				9F40F75F1A73A5CE0066E92F /* libz.dylib */,
				9F40F75D1A73A5C40066E92F /* libicucore.dylib */,
				9F40F75B1A73A5B90066E92F /* libc++.dylib */,
				9F40F7591A73A59E0066E92F /* ImageIO.framework */,
				9F40F7571A73A5950066E92F /* GLKit.framework */,
				9F40F7551A73A5750066E92F /* CoreText.framework */,
				9F40F7531A73A5500066E92F /* CoreData.framework */,
				9F40F7511A73A5330066E92F /* AVFoundation.framework */,
				9FA28A5B1A3367FF005D509C /* AdSupport.framework */,
				9FA28A591A3367DF005D509C /* CoreTelephony.framework */,
				9FA28A551A3367A2005D509C /* StartApp.bundle */,
				9FA28A561A3367A2005D509C /* StartApp.framework */,
				9F03F8D219F8E74B00D39B10 /* iAd.framework */,
				9FBAAEF9194066FA006F39B3 /* FacebookSDK.framework */,
				9FB1F347191E221C00776A16 /* AudioToolbox.framework */,
				9FB1F348191E221C00776A16 /* CFNetwork.framework */,
				9FB1F349191E221C00776A16 /* CoreLocation.framework */,
				9FB1F34A191E221C00776A16 /* libz.1.1.3.dylib */,
				9FB1F34B191E221C00776A16 /* MobileCoreServices.framework */,
				9FB1F34C191E221C00776A16 /* QuartzCore.framework */,
				9FB1F34D191E221C00776A16 /* Security.framework */,
				9FB1F34E191E221C00776A16 /* StoreKit.framework */,
				9FB1F34F191E221C00776A16 /* SystemConfiguration.framework */,
				9FB1F345191E219400776A16 /* Parse.framework */,
				9FB1F316191E206200776A16 /* Foundation.framework */,
				9FB1F318191E206200776A16 /* CoreGraphics.framework */,
				9FB1F31A191E206200776A16 /* UIKit.framework */,
				9FB1F32F191E206200776A16 /* XCTest.framework */,
			);
			name = Frameworks;
			sourceTree = "<group>";
		};
		9FB1F31C191E206200776A16 /* Preview */ = {
			isa = PBXGroup;
			children = (
				9F8C4D131B6B541D00B06C63 /* Search */,
				9F65BCA51B5CDBAF001C0FF3 /* MS Accessory */,
				9FE679711B0FAC3400FBF83C /* UIImagEffects */,
				9FD45EF21B0F3FE500A36F8F /* Color Wheel */,
				9F0F98F31AEE4833000511CC /* Rate */,
				9F7EEAF21AC17ED800663CDE /* Dynamic */,
				9F7EEAD51AC14BAB00663CDE /* AFNetworking */,
				9F40F74A1A739EDB0066E92F /* Nearby */,
				9F0803811A6BC8F300A4CB9C /* New Share */,
				9F08037D1A6BAE1B00A4CB9C /* Sliding Effect Files */,
				9F90E1411A24F2C5009EE5AB /* Cache */,
				9F7B02D51A22242F00FCA8E4 /* Keyboard */,
				9FBB2EC519F907A300735B6A /* Settings */,
				9F100CE119F822BD00553FD7 /* Related Searches */,
				9FDEEDFC19F8088D0002210E /* Leaderboard */,
				9F447E1B19EEFA9B007BD7FB /* EXC Content */,
				9F1E4E6319E1452700E3B242 /* Time Ago */,
				9F342A1A19DFFB59006C7135 /* Comments */,
				9FBB579219DD634000F62CE8 /* Friends */,
				9F6F189519443BC00071360E /* Profile */,
				9FAD219319430B4E0055FA9D /* Other Images */,
				9F1F507E191F5C2C00551499 /* Suggest */,
				9F3B23AB191EAFA10057BFA5 /* Selected Category */,
				9F3B23AA191EAF860057BFA5 /* Category View */,
				9F3B23A9191EAF6A0057BFA5 /* Home Feed */,
				9FB1F325191E206200776A16 /* PRAppDelegate.h */,
				9FB1F326191E206200776A16 /* PRAppDelegate.m */,
				9FB1F328191E206200776A16 /* Images.xcassets */,
				9FB1F31D191E206200776A16 /* Supporting Files */,
				9FB1F359191E22F700776A16 /* MainStoryboard.storyboard */,
				9FB1F35E191E2EDA00776A16 /* PRLoginViewController.h */,
				9FB1F35F191E2EDA00776A16 /* PRLoginViewController.m */,
				9FB1F364191E38A400776A16 /* PRSignUPViewController.h */,
				9FB1F365191E38A400776A16 /* PRSignUPViewController.m */,
				9FC1A57819F56922006FBD0F /* PRForgotPasswordViewController.h */,
				9FC1A57919F56922006FBD0F /* PRForgotPasswordViewController.m */,
			);
			path = Preview;
			sourceTree = "<group>";
		};
		9FB1F31D191E206200776A16 /* Supporting Files */ = {
			isa = PBXGroup;
			children = (
				9F39BC731B1057BA00B8357B /* futura-normal.ttf */,
				9F39BC711B10555100B8357B /* Coquette Bold.ttf */,
				9FB1F31E191E206200776A16 /* Preview-Info.plist */,
				9FB1F31F191E206200776A16 /* InfoPlist.strings */,
				9FB1F322191E206200776A16 /* main.m */,
				9FB1F324191E206200776A16 /* Preview-Prefix.pch */,
			);
			name = "Supporting Files";
			sourceTree = "<group>";
		};
		9FB1F335191E206200776A16 /* PreviewTests */ = {
			isa = PBXGroup;
			children = (
				9FB1F33B191E206200776A16 /* PreviewTests.m */,
				9FB1F336191E206200776A16 /* Supporting Files */,
			);
			path = PreviewTests;
			sourceTree = "<group>";
		};
		9FB1F336191E206200776A16 /* Supporting Files */ = {
			isa = PBXGroup;
			children = (
				9FB1F337191E206200776A16 /* PreviewTests-Info.plist */,
				9FB1F338191E206200776A16 /* InfoPlist.strings */,
			);
			name = "Supporting Files";
			sourceTree = "<group>";
		};
		9FBB2EC519F907A300735B6A /* Settings */ = {
			isa = PBXGroup;
			children = (
				9FFDD65E1B5E051C0097ED0A /* PRSettingsViewController.h */,
				9FFDD65F1B5E051C0097ED0A /* PRSettingsViewController.m */,
				9FFDD6611B5E135E0097ED0A /* PRDetailSettingViewController.h */,
				9FFDD6621B5E135E0097ED0A /* PRDetailSettingViewController.m */,
			);
			name = Settings;
			sourceTree = "<group>";
		};
		9FBB579219DD634000F62CE8 /* Friends */ = {
			isa = PBXGroup;
			children = (
				9FBB579319DD63A900F62CE8 /* PRFriendsCollectionViewController.h */,
				9FBB579419DD63A900F62CE8 /* PRFriendsCollectionViewController.m */,
				9FBB579619DD641100F62CE8 /* PRFriendsCollectionViewCell.h */,
				9FBB579719DD641100F62CE8 /* PRFriendsCollectionViewCell.m */,
			);
			name = Friends;
			sourceTree = "<group>";
		};
		9FC96E601B5FD07300BA869B /* Product B */ = {
			isa = PBXGroup;
			children = (
				9FC96E611B5FD08200BA869B /* PRProductB.h */,
				9FC96E621B5FD08200BA869B /* PRProductB.m */,
			);
			name = "Product B";
			sourceTree = "<group>";
		};
		9FD45EF21B0F3FE500A36F8F /* Color Wheel */ = {
			isa = PBXGroup;
			children = (
				9FD45EF31B0F3FFF00A36F8F /* PRColorWheel.h */,
				9FD45EF41B0F3FFF00A36F8F /* PRColorWheel.m */,
			);
			name = "Color Wheel";
			sourceTree = "<group>";
		};
		9FDEEDFC19F8088D0002210E /* Leaderboard */ = {
			isa = PBXGroup;
			children = (
				9FDEEDFD19F808B40002210E /* PRLeaderBoardViewController.h */,
				9FDEEDFE19F808B40002210E /* PRLeaderBoardViewController.m */,
				9FDEEE0019F80A060002210E /* PRLeaderboardViewCell.h */,
				9FDEEE0119F80A060002210E /* PRLeaderboardViewCell.m */,
				9F648F071A092AAA00D15BD2 /* PRShowAllReviewsViewController.h */,
				9F648F081A092AAA00D15BD2 /* PRShowAllReviewsViewController.m */,
				9F648F0A1A092BF300D15BD2 /* PRShowReviewViewCell.h */,
				9F648F0B1A092BF300D15BD2 /* PRShowReviewViewCell.m */,
			);
			name = Leaderboard;
			sourceTree = "<group>";
		};
		9FE679711B0FAC3400FBF83C /* UIImagEffects */ = {
			isa = PBXGroup;
			children = (
				9F1A06FE1B10244B00CAEF12 /* UIImageEffects.h */,
				9F1A06FF1B10244B00CAEF12 /* UIImageEffects.m */,
			);
			name = UIImagEffects;
			sourceTree = "<group>";
		};
/* End PBXGroup section */

/* Begin PBXNativeTarget section */
		9FB1F312191E206200776A16 /* Preview */ = {
			isa = PBXNativeTarget;
			buildConfigurationList = 9FB1F33F191E206200776A16 /* Build configuration list for PBXNativeTarget "Preview" */;
			buildPhases = (
				9FB1F30F191E206200776A16 /* Sources */,
				9FB1F310191E206200776A16 /* Frameworks */,
				9FB1F311191E206200776A16 /* Resources */,
			);
			buildRules = (
			);
			dependencies = (
			);
			name = Preview;
			productName = Preview;
			productReference = 9FB1F313191E206200776A16 /* Preview.app */;
			productType = "com.apple.product-type.application";
		};
		9FB1F32D191E206200776A16 /* PreviewTests */ = {
			isa = PBXNativeTarget;
			buildConfigurationList = 9FB1F342191E206200776A16 /* Build configuration list for PBXNativeTarget "PreviewTests" */;
			buildPhases = (
				9FB1F32A191E206200776A16 /* Sources */,
				9FB1F32B191E206200776A16 /* Frameworks */,
				9FB1F32C191E206200776A16 /* Resources */,
			);
			buildRules = (
			);
			dependencies = (
				9FB1F334191E206200776A16 /* PBXTargetDependency */,
			);
			name = PreviewTests;
			productName = PreviewTests;
			productReference = 9FB1F32E191E206200776A16 /* PreviewTests.xctest */;
			productType = "com.apple.product-type.bundle.unit-test";
		};
/* End PBXNativeTarget section */

/* Begin PBXProject section */
		9FB1F30B191E206200776A16 /* Project object */ = {
			isa = PBXProject;
			attributes = {
				CLASSPREFIX = PR;
				LastUpgradeCheck = 0510;
				ORGANIZATIONNAME = Burst;
				TargetAttributes = {
					9FB1F312191E206200776A16 = {
						DevelopmentTeam = 6754879FL3;
						SystemCapabilities = {
							com.apple.Maps.iOS = {
								enabled = 0;
							};
						};
					};
					9FB1F32D191E206200776A16 = {
						TestTargetID = 9FB1F312191E206200776A16;
					};
				};
			};
			buildConfigurationList = 9FB1F30E191E206200776A16 /* Build configuration list for PBXProject "Preview" */;
			compatibilityVersion = "Xcode 3.2";
			developmentRegion = English;
			hasScannedForEncodings = 0;
			knownRegions = (
				en,
			);
			mainGroup = 9FB1F30A191E206200776A16;
			productRefGroup = 9FB1F314191E206200776A16 /* Products */;
			projectDirPath = "";
			projectRoot = "";
			targets = (
				9FB1F312191E206200776A16 /* Preview */,
				9FB1F32D191E206200776A16 /* PreviewTests */,
			);
		};
/* End PBXProject section */

/* Begin PBXResourcesBuildPhase section */
		9FB1F311191E206200776A16 /* Resources */ = {
			isa = PBXResourcesBuildPhase;
			buildActionMask = 2147483647;
			files = (
				9FB1F35A191E22F700776A16 /* MainStoryboard.storyboard in Resources */,
				9FAD219519430B720055FA9D /* navBarBackground.png in Resources */,
				9F39BC741B1057BA00B8357B /* futura-normal.ttf in Resources */,
				9F39BC721B10555100B8357B /* Coquette Bold.ttf in Resources */,
				9FA28A571A3367A2005D509C /* StartApp.bundle in Resources */,
				9FB1F321191E206200776A16 /* InfoPlist.strings in Resources */,
				9FB1F329191E206200776A16 /* Images.xcassets in Resources */,
			);
			runOnlyForDeploymentPostprocessing = 0;
		};
		9FB1F32C191E206200776A16 /* Resources */ = {
			isa = PBXResourcesBuildPhase;
			buildActionMask = 2147483647;
			files = (
				9FB1F33A191E206200776A16 /* InfoPlist.strings in Resources */,
			);
			runOnlyForDeploymentPostprocessing = 0;
		};
/* End PBXResourcesBuildPhase section */

/* Begin PBXSourcesBuildPhase section */
		9FB1F30F191E206200776A16 /* Sources */ = {
			isa = PBXSourcesBuildPhase;
			buildActionMask = 2147483647;
			files = (
				9FDEEE0219F80A060002210E /* PRLeaderboardViewCell.m in Sources */,
				9F812116194175D600249BAC /* PRCollectionCell.m in Sources */,
				9FB1F360191E2EDA00776A16 /* PRLoginViewController.m in Sources */,
				9FFDD6601B5E051C0097ED0A /* PRSettingsViewController.m in Sources */,
				9F0803941A6BC95B00A4CB9C /* YLLongTapShareView.m in Sources */,
				9F7EEAF51AC17F9800663CDE /* PRTimepassViewController.m in Sources */,
				9F342A1D19DFFB83006C7135 /* PRcommentsCollectionViewController.m in Sources */,
				9F7EEAF11AC14BC800663CDE /* AFURLSessionManager.m in Sources */,
				9F411CAC1AC293290055B172 /* PRShowOriginalPictureViewController.m in Sources */,
				9F1A07001B10244B00CAEF12 /* UIImageEffects.m in Sources */,
				9F0F98F61AEE485F000511CC /* PRRateGameViewController.m in Sources */,
				9F40F7501A739F250066E92F /* PRNearbyViewController.m in Sources */,
				9F0803921A6BC95B00A4CB9C /* Evaluate.m in Sources */,
				9F8F67BE1A1FB31200F3E000 /* PRSelectedCategory.m in Sources */,
				9FB60DE71B6CB04700B67347 /* PRSearchCell.m in Sources */,
				9F0803971A6BC95B00A4CB9C /* YLShareView.m in Sources */,
				9FCCC5DA19E538AA00D7FC39 /* PRShowJustReviewsViewController.m in Sources */,
				9FFDD6631B5E135E0097ED0A /* PRDetailSettingViewController.m in Sources */,
				9F7EEAED1AC14BC800663CDE /* AFSecurityPolicy.m in Sources */,
				9F342A2319E00197006C7135 /* PRInsertCommentViewController.m in Sources */,
				9F7EEAEC1AC14BC800663CDE /* AFNetworkReachabilityManager.m in Sources */,
				9F93BE84191EFE2300D9711D /* PRModalDetailFeedViewController.m in Sources */,
				9FE227DC1AC132C600C6DE11 /* PRDetailPictureViewController.m in Sources */,
				9F447E1E19EEFAB3007BD7FB /* PRPurchaseWebViewController.m in Sources */,
				9F7B02D81A22244400FCA8E4 /* TPKeyboardAvoidingScrollView.m in Sources */,
				9FB1F327191E206200776A16 /* PRAppDelegate.m in Sources */,
				9F3B23A8191EA47E0057BFA5 /* PRCategoryTitles.m in Sources */,
				9F90E1441A24F2DB009EE5AB /* SAMCache.m in Sources */,
				9FB60DEA1B6CCE5300B67347 /* PRDetailSearchResultViewController.m in Sources */,
				9F32FC61191E98BC00520497 /* PRCategoryViewController.m in Sources */,
				9F7EEAE91AC14BC800663CDE /* AFHTTPRequestOperation.m in Sources */,
				9F648F091A092AAA00D15BD2 /* PRShowAllReviewsViewController.m in Sources */,
				9FC96E631B5FD08200BA869B /* PRProductB.m in Sources */,
				9FEE1D61194C8D0B005F7A46 /* PREditProfileViewController.m in Sources */,
				9F7EEAF01AC14BC800663CDE /* AFURLResponseSerialization.m in Sources */,
				9F0803951A6BC95B00A4CB9C /* YLShareAnimationHelper.m in Sources */,
				9F6F189819443BDA0071360E /* PRProfileViewController.m in Sources */,
				9FB1F323191E206200776A16 /* main.m in Sources */,
				9FBCC987191EBBE700B2D3FB /* PRSelectedCategoryTitles.m in Sources */,
				9F342A2019DFFBA1006C7135 /* PRCommentsCollectionViewCell.m in Sources */,
				9F7EEAEA1AC14BC800663CDE /* AFHTTPRequestOperationManager.m in Sources */,
				9F65BCAB1B5CDCF3001C0FF3 /* UIView+AccessViewController.m in Sources */,
				9FA28A541A33609F005D509C /* PRUserLocation.m in Sources */,
				9F0803911A6BC95B00A4CB9C /* CAAnimation+Blocks.m in Sources */,
				9FC1A57A19F56922006FBD0F /* PRForgotPasswordViewController.m in Sources */,
				9F0803961A6BC95B00A4CB9C /* YLShareButtonView.m in Sources */,
				9F29E9C61B5F735300A0001F /* PRProductA.m in Sources */,
				9F0803801A6BAE3B00A4CB9C /* SWRevealViewController.m in Sources */,
				9FBB579519DD63A900F62CE8 /* PRFriendsCollectionViewController.m in Sources */,
				9FB33AFA1AC7D8E80050B45B /* PRRelatedViewController.m in Sources */,
				9F58550D191E876000E2E6D1 /* PRFeedPost.m in Sources */,
				9FBB579819DD641100F62CE8 /* PRFriendsCollectionViewCell.m in Sources */,
				9F648F0C1A092BF300D15BD2 /* PRShowReviewViewCell.m in Sources */,
				9F7EEAEE1AC14BC800663CDE /* AFURLConnectionOperation.m in Sources */,
				9F8C4D161B6B544C00B06C63 /* PRSearchViewController.m in Sources */,
				9F1F5084191F5D6A00551499 /* PRSuggestCategoryViewController.m in Sources */,
				9FCA652A1940BF1F009CA8D3 /* PRRelatedPicturesViewController.m in Sources */,
				9F7EEAEF1AC14BC800663CDE /* AFURLRequestSerialization.m in Sources */,
				9FF126B5191ECF6600759248 /* PRSelectedCategoryViewController.m in Sources */,
				9FB1F35D191E277B00776A16 /* PRHomeFeedViewController.m in Sources */,
				9F65BCA81B5CDBD1001C0FF3 /* MSCellAccessory.m in Sources */,
				9F1F5081191F5C5700551499 /* PRSuggestProductViewController.m in Sources */,
				9F1E4E6619E1454300E3B242 /* NSDate+NVTimeAgo.m in Sources */,
				9FD45EF51B0F3FFF00A36F8F /* PRColorWheel.m in Sources */,
				9FDEEDFF19F808B40002210E /* PRLeaderBoardViewController.m in Sources */,
				9FB1F366191E38A400776A16 /* PRSignUPViewController.m in Sources */,
				9F0803931A6BC95B00A4CB9C /* UIButton+LongTapShare.m in Sources */,
				9F7EEAEB1AC14BC800663CDE /* AFHTTPSessionManager.m in Sources */,
			);
			runOnlyForDeploymentPostprocessing = 0;
		};
		9FB1F32A191E206200776A16 /* Sources */ = {
			isa = PBXSourcesBuildPhase;
			buildActionMask = 2147483647;
			files = (
				9FB1F33C191E206200776A16 /* PreviewTests.m in Sources */,
			);
			runOnlyForDeploymentPostprocessing = 0;
		};
/* End PBXSourcesBuildPhase section */

/* Begin PBXTargetDependency section */
		9FB1F334191E206200776A16 /* PBXTargetDependency */ = {
			isa = PBXTargetDependency;
			target = 9FB1F312191E206200776A16 /* Preview */;
			targetProxy = 9FB1F333191E206200776A16 /* PBXContainerItemProxy */;
		};
/* End PBXTargetDependency section */

/* Begin PBXVariantGroup section */
		9FB1F31F191E206200776A16 /* InfoPlist.strings */ = {
			isa = PBXVariantGroup;
			children = (
				9FB1F320191E206200776A16 /* en */,
			);
			name = InfoPlist.strings;
			sourceTree = "<group>";
		};
		9FB1F338191E206200776A16 /* InfoPlist.strings */ = {
			isa = PBXVariantGroup;
			children = (
				9FB1F339191E206200776A16 /* en */,
			);
			name = InfoPlist.strings;
			sourceTree = "<group>";
		};
/* End PBXVariantGroup section */

/* Begin XCBuildConfiguration section */
		9F0AB5B319FA60FD00B0E33E /* Distribution */ = {
			isa = XCBuildConfiguration;
			buildSettings = {
				ALWAYS_SEARCH_USER_PATHS = NO;
				CLANG_CXX_LANGUAGE_STANDARD = "gnu++0x";
				CLANG_CXX_LIBRARY = "libc++";
				CLANG_ENABLE_MODULES = YES;
				CLANG_ENABLE_OBJC_ARC = YES;
				CLANG_WARN_BOOL_CONVERSION = YES;
				CLANG_WARN_CONSTANT_CONVERSION = YES;
				CLANG_WARN_DIRECT_OBJC_ISA_USAGE = YES_ERROR;
				CLANG_WARN_EMPTY_BODY = YES;
				CLANG_WARN_ENUM_CONVERSION = YES;
				CLANG_WARN_INT_CONVERSION = YES;
				CLANG_WARN_OBJC_ROOT_CLASS = YES_ERROR;
				CLANG_WARN__DUPLICATE_METHOD_MATCH = YES;
				CODE_SIGN_IDENTITY = "iPhone Developer: Srinivas Dasika (HK4MMNN2Y8)";
				"CODE_SIGN_IDENTITY[sdk=iphoneos*]" = "iPhone Distribution: Srinivas Dasika (6754879FL3)";
				COPY_PHASE_STRIP = YES;
				ENABLE_NS_ASSERTIONS = NO;
				GCC_C_LANGUAGE_STANDARD = gnu99;
				GCC_WARN_64_TO_32_BIT_CONVERSION = YES;
				GCC_WARN_ABOUT_RETURN_TYPE = YES_ERROR;
				GCC_WARN_UNDECLARED_SELECTOR = YES;
				GCC_WARN_UNINITIALIZED_AUTOS = YES;
				GCC_WARN_UNUSED_FUNCTION = YES;
				GCC_WARN_UNUSED_VARIABLE = YES;
				IPHONEOS_DEPLOYMENT_TARGET = 7.0;
				OTHER_LDFLAGS = "-ObjC";
				PROVISIONING_PROFILE = "f4e5d7eb-c66a-4cf5-bcc5-bcf55f0ecf07";
				SDKROOT = iphoneos;
				VALIDATE_PRODUCT = YES;
			};
			name = Distribution;
		};
		9F0AB5B419FA60FD00B0E33E /* Distribution */ = {
			isa = XCBuildConfiguration;
			buildSettings = {
				ASSETCATALOG_COMPILER_APPICON_NAME = "AppIcon Preview";
				ASSETCATALOG_COMPILER_LAUNCHIMAGE_NAME = LaunchImage;
				CODE_SIGN_IDENTITY = "iPhone Developer";
				"CODE_SIGN_IDENTITY[sdk=iphoneos*]" = "iPhone Distribution: Srinivas Dasika (6754879FL3)";
				FRAMEWORK_SEARCH_PATHS = (
					"$(inherited)",
					/Users/Kiran/Desktop/all,
					projys/Preview,
					"$(PROJECT_DIR)",
					"/Users/Kiran/Desktop/GoogleMapsM4B-iOS-1.9.1",
				);
				GCC_PRECOMPILE_PREFIX_HEADER = YES;
				GCC_PREFIX_HEADER = "Preview/Preview-Prefix.pch";
				INFOPLIST_FILE = "Preview/Preview-Info.plist";
				IPHONEOS_DEPLOYMENT_TARGET = 7.1;
				OTHER_LDFLAGS = "";
				PRODUCT_NAME = "$(TARGET_NAME)";
				PROVISIONING_PROFILE = "e899858c-a7bb-46c4-bdc8-9c1d3b7e0ec9";
				WRAPPER_EXTENSION = app;
			};
			name = Distribution;
		};
		9F0AB5B519FA60FD00B0E33E /* Distribution */ = {
			isa = XCBuildConfiguration;
			buildSettings = {
				BUNDLE_LOADER = "$(BUILT_PRODUCTS_DIR)/Preview.app/Preview";
				FRAMEWORK_SEARCH_PATHS = (
					"$(SDKROOT)/Developer/Library/Frameworks",
					"$(inherited)",
					"$(DEVELOPER_FRAMEWORKS_DIR)",
				);
				GCC_PRECOMPILE_PREFIX_HEADER = YES;
				GCC_PREFIX_HEADER = "Preview/Preview-Prefix.pch";
				INFOPLIST_FILE = "PreviewTests/PreviewTests-Info.plist";
				PRODUCT_NAME = "$(TARGET_NAME)";
				TEST_HOST = "$(BUNDLE_LOADER)";
				WRAPPER_EXTENSION = xctest;
			};
			name = Distribution;
		};
		9FB1F33D191E206200776A16 /* Debug */ = {
			isa = XCBuildConfiguration;
			buildSettings = {
				ALWAYS_SEARCH_USER_PATHS = NO;
				CLANG_CXX_LANGUAGE_STANDARD = "gnu++0x";
				CLANG_CXX_LIBRARY = "libc++";
				CLANG_ENABLE_MODULES = YES;
				CLANG_ENABLE_OBJC_ARC = YES;
				CLANG_WARN_BOOL_CONVERSION = YES;
				CLANG_WARN_CONSTANT_CONVERSION = YES;
				CLANG_WARN_DIRECT_OBJC_ISA_USAGE = YES_ERROR;
				CLANG_WARN_EMPTY_BODY = YES;
				CLANG_WARN_ENUM_CONVERSION = YES;
				CLANG_WARN_INT_CONVERSION = YES;
				CLANG_WARN_OBJC_ROOT_CLASS = YES_ERROR;
				CLANG_WARN__DUPLICATE_METHOD_MATCH = YES;
				CODE_SIGN_IDENTITY = "iPhone Developer: Srinivas Dasika (HK4MMNN2Y8)";
				"CODE_SIGN_IDENTITY[sdk=iphoneos*]" = "iPhone Distribution: Srinivas Dasika (6754879FL3)";
				COPY_PHASE_STRIP = NO;
				GCC_C_LANGUAGE_STANDARD = gnu99;
				GCC_DYNAMIC_NO_PIC = NO;
				GCC_OPTIMIZATION_LEVEL = 0;
				GCC_PREPROCESSOR_DEFINITIONS = (
					"DEBUG=1",
					"$(inherited)",
				);
				GCC_SYMBOLS_PRIVATE_EXTERN = NO;
				GCC_WARN_64_TO_32_BIT_CONVERSION = YES;
				GCC_WARN_ABOUT_RETURN_TYPE = YES_ERROR;
				GCC_WARN_UNDECLARED_SELECTOR = YES;
				GCC_WARN_UNINITIALIZED_AUTOS = YES;
				GCC_WARN_UNUSED_FUNCTION = YES;
				GCC_WARN_UNUSED_VARIABLE = YES;
				IPHONEOS_DEPLOYMENT_TARGET = 7.0;
				ONLY_ACTIVE_ARCH = YES;
				OTHER_LDFLAGS = "-ObjC";
				PROVISIONING_PROFILE = "f4e5d7eb-c66a-4cf5-bcc5-bcf55f0ecf07";
				SDKROOT = iphoneos;
			};
			name = Debug;
		};
		9FB1F33E191E206200776A16 /* Release */ = {
			isa = XCBuildConfiguration;
			buildSettings = {
				ALWAYS_SEARCH_USER_PATHS = NO;
				CLANG_CXX_LANGUAGE_STANDARD = "gnu++0x";
				CLANG_CXX_LIBRARY = "libc++";
				CLANG_ENABLE_MODULES = YES;
				CLANG_ENABLE_OBJC_ARC = YES;
				CLANG_WARN_BOOL_CONVERSION = YES;
				CLANG_WARN_CONSTANT_CONVERSION = YES;
				CLANG_WARN_DIRECT_OBJC_ISA_USAGE = YES_ERROR;
				CLANG_WARN_EMPTY_BODY = YES;
				CLANG_WARN_ENUM_CONVERSION = YES;
				CLANG_WARN_INT_CONVERSION = YES;
				CLANG_WARN_OBJC_ROOT_CLASS = YES_ERROR;
				CLANG_WARN__DUPLICATE_METHOD_MATCH = YES;
				CODE_SIGN_IDENTITY = "iPhone Developer: Srinivas Dasika (HK4MMNN2Y8)";
				"CODE_SIGN_IDENTITY[sdk=iphoneos*]" = "iPhone Distribution: Srinivas Dasika (6754879FL3)";
				COPY_PHASE_STRIP = YES;
				ENABLE_NS_ASSERTIONS = NO;
				GCC_C_LANGUAGE_STANDARD = gnu99;
				GCC_WARN_64_TO_32_BIT_CONVERSION = YES;
				GCC_WARN_ABOUT_RETURN_TYPE = YES_ERROR;
				GCC_WARN_UNDECLARED_SELECTOR = YES;
				GCC_WARN_UNINITIALIZED_AUTOS = YES;
				GCC_WARN_UNUSED_FUNCTION = YES;
				GCC_WARN_UNUSED_VARIABLE = YES;
				IPHONEOS_DEPLOYMENT_TARGET = 7.0;
				OTHER_LDFLAGS = "-ObjC";
				PROVISIONING_PROFILE = "f4e5d7eb-c66a-4cf5-bcc5-bcf55f0ecf07";
				SDKROOT = iphoneos;
				VALIDATE_PRODUCT = YES;
			};
			name = Release;
		};
		9FB1F340191E206200776A16 /* Debug */ = {
			isa = XCBuildConfiguration;
			buildSettings = {
				ASSETCATALOG_COMPILER_APPICON_NAME = "AppIcon Preview";
				ASSETCATALOG_COMPILER_LAUNCHIMAGE_NAME = LaunchImage;
				CODE_SIGN_IDENTITY = "iPhone Distribution: Srinivas Dasika (6754879FL3)";
				"CODE_SIGN_IDENTITY[sdk=iphoneos*]" = "iPhone Developer: Srinivas Dasika (HK4MMNN2Y8)";
				FRAMEWORK_SEARCH_PATHS = (
					"$(inherited)",
					/Users/Kiran/Desktop/all,
					projys/Preview,
					"$(PROJECT_DIR)",
					"/Users/Kiran/Desktop/GoogleMapsM4B-iOS-1.9.1",
				);
				GCC_PRECOMPILE_PREFIX_HEADER = YES;
				GCC_PREFIX_HEADER = "Preview/Preview-Prefix.pch";
				INFOPLIST_FILE = "Preview/Preview-Info.plist";
				IPHONEOS_DEPLOYMENT_TARGET = 7.1;
				OTHER_LDFLAGS = "";
				"OTHER_LDFLAGS[arch=*]" = "-ObjC";
				PRODUCT_NAME = "$(TARGET_NAME)";
				PROVISIONING_PROFILE = "e899858c-a7bb-46c4-bdc8-9c1d3b7e0ec9";
				WRAPPER_EXTENSION = app;
			};
			name = Debug;
		};
		9FB1F341191E206200776A16 /* Release */ = {
			isa = XCBuildConfiguration;
			buildSettings = {
				ASSETCATALOG_COMPILER_APPICON_NAME = "AppIcon Preview";
				ASSETCATALOG_COMPILER_LAUNCHIMAGE_NAME = LaunchImage;
				CODE_SIGN_IDENTITY = "iPhone Developer";
				"CODE_SIGN_IDENTITY[sdk=iphoneos*]" = "iPhone Distribution: Srinivas Dasika (6754879FL3)";
				FRAMEWORK_SEARCH_PATHS = (
					"$(inherited)",
					/Users/Kiran/Desktop/all,
					projys/Preview,
					"$(PROJECT_DIR)",
					"/Users/Kiran/Desktop/GoogleMapsM4B-iOS-1.9.1",
				);
				GCC_PRECOMPILE_PREFIX_HEADER = YES;
				GCC_PREFIX_HEADER = "Preview/Preview-Prefix.pch";
				INFOPLIST_FILE = "Preview/Preview-Info.plist";
				IPHONEOS_DEPLOYMENT_TARGET = 7.1;
				OTHER_LDFLAGS = "";
				PRODUCT_NAME = "$(TARGET_NAME)";
				PROVISIONING_PROFILE = "e899858c-a7bb-46c4-bdc8-9c1d3b7e0ec9";
				WRAPPER_EXTENSION = app;
			};
			name = Release;
		};
		9FB1F343191E206200776A16 /* Debug */ = {
			isa = XCBuildConfiguration;
			buildSettings = {
				BUNDLE_LOADER = "$(BUILT_PRODUCTS_DIR)/Preview.app/Preview";
				FRAMEWORK_SEARCH_PATHS = (
					"$(SDKROOT)/Developer/Library/Frameworks",
					"$(inherited)",
					"$(DEVELOPER_FRAMEWORKS_DIR)",
				);
				GCC_PRECOMPILE_PREFIX_HEADER = YES;
				GCC_PREFIX_HEADER = "Preview/Preview-Prefix.pch";
				GCC_PREPROCESSOR_DEFINITIONS = (
					"DEBUG=1",
					"$(inherited)",
				);
				INFOPLIST_FILE = "PreviewTests/PreviewTests-Info.plist";
				PRODUCT_NAME = "$(TARGET_NAME)";
				TEST_HOST = "$(BUNDLE_LOADER)";
				WRAPPER_EXTENSION = xctest;
			};
			name = Debug;
		};
		9FB1F344191E206200776A16 /* Release */ = {
			isa = XCBuildConfiguration;
			buildSettings = {
				BUNDLE_LOADER = "$(BUILT_PRODUCTS_DIR)/Preview.app/Preview";
				FRAMEWORK_SEARCH_PATHS = (
					"$(SDKROOT)/Developer/Library/Frameworks",
					"$(inherited)",
					"$(DEVELOPER_FRAMEWORKS_DIR)",
				);
				GCC_PRECOMPILE_PREFIX_HEADER = YES;
				GCC_PREFIX_HEADER = "Preview/Preview-Prefix.pch";
				INFOPLIST_FILE = "PreviewTests/PreviewTests-Info.plist";
				PRODUCT_NAME = "$(TARGET_NAME)";
				TEST_HOST = "$(BUNDLE_LOADER)";
				WRAPPER_EXTENSION = xctest;
			};
			name = Release;
		};
/* End XCBuildConfiguration section */

/* Begin XCConfigurationList section */
		9FB1F30E191E206200776A16 /* Build configuration list for PBXProject "Preview" */ = {
			isa = XCConfigurationList;
			buildConfigurations = (
				9FB1F33D191E206200776A16 /* Debug */,
				9FB1F33E191E206200776A16 /* Release */,
				9F0AB5B319FA60FD00B0E33E /* Distribution */,
			);
			defaultConfigurationIsVisible = 0;
			defaultConfigurationName = Release;
		};
		9FB1F33F191E206200776A16 /* Build configuration list for PBXNativeTarget "Preview" */ = {
			isa = XCConfigurationList;
			buildConfigurations = (
				9FB1F340191E206200776A16 /* Debug */,
				9FB1F341191E206200776A16 /* Release */,
				9F0AB5B419FA60FD00B0E33E /* Distribution */,
			);
			defaultConfigurationIsVisible = 0;
			defaultConfigurationName = Release;
		};
		9FB1F342191E206200776A16 /* Build configuration list for PBXNativeTarget "PreviewTests" */ = {
			isa = XCConfigurationList;
			buildConfigurations = (
				9FB1F343191E206200776A16 /* Debug */,
				9FB1F344191E206200776A16 /* Release */,
				9F0AB5B519FA60FD00B0E33E /* Distribution */,
			);
			defaultConfigurationIsVisible = 0;
			defaultConfigurationName = Release;
		};
/* End XCConfigurationList section */
	};
	rootObject = 9FB1F30B191E206200776A16 /* Project object */;
}
